// !$*UTF8*$!
{
	archiveVersion = 1;
	classes = {
	};
	objectVersion = 46;
	objects = {

/* Begin PBXBuildFile section */
		3B00BFE117555F05007B64C0 /* jquery-ui-1.10.3.custom.css in Resources */ = {isa = PBXBuildFile; fileRef = 3B00BFDB17555F05007B64C0 /* jquery-ui-1.10.3.custom.css */; };
		3B00BFE317555F05007B64C0 /* jquery-1.9.1.js in Resources */ = {isa = PBXBuildFile; fileRef = 3B00BFDE17555F05007B64C0 /* jquery-1.9.1.js */; };
		3B00BFE417555F05007B64C0 /* jquery-ui-1.10.3.custom.js in Resources */ = {isa = PBXBuildFile; fileRef = 3B00BFDF17555F05007B64C0 /* jquery-ui-1.10.3.custom.js */; };
		3B00BFE91755919D007B64C0 /* RTEGestureRecognizer.m in Sources */ = {isa = PBXBuildFile; fileRef = 3B00BFE81755919D007B64C0 /* RTEGestureRecognizer.m */; };
		3B00BFF217559E25007B64C0 /* .gitignore in Resources */ = {isa = PBXBuildFile; fileRef = 3B00BFEB17559E25007B64C0 /* .gitignore */; };
		3B00BFF317559E25007B64C0 /* canvasquery.js in Resources */ = {isa = PBXBuildFile; fileRef = 3B00BFEC17559E25007B64C0 /* canvasquery.js */; };
		3B00BFF417559E25007B64C0 /* canvasquery.min.js in Resources */ = {isa = PBXBuildFile; fileRef = 3B00BFED17559E25007B64C0 /* canvasquery.min.js */; };
		3B00BFF517559E25007B64C0 /* changelog.txt in Resources */ = {isa = PBXBuildFile; fileRef = 3B00BFEE17559E25007B64C0 /* changelog.txt */; };
		3B00BFF617559E25007B64C0 /* example.html in Resources */ = {isa = PBXBuildFile; fileRef = 3B00BFEF17559E25007B64C0 /* example.html */; };
		3B00BFF717559E25007B64C0 /* package.json in Resources */ = {isa = PBXBuildFile; fileRef = 3B00BFF017559E25007B64C0 /* package.json */; };
		3B00BFF817559E25007B64C0 /* README.md in Resources */ = {isa = PBXBuildFile; fileRef = 3B00BFF117559E25007B64C0 /* README.md */; };
		3B00BFFB1755E349007B64C0 /* sketch.js in Resources */ = {isa = PBXBuildFile; fileRef = 3B00BFFA1755E349007B64C0 /* sketch.js */; };
		3B00C00917560F54007B64C0 /* SpeechToTextManager.m in Sources */ = {isa = PBXBuildFile; fileRef = 3B00C00817560F54007B64C0 /* SpeechToTextManager.m */; };
		3B0440D8177D5F3800EA28C3 /* TestView.m in Sources */ = {isa = PBXBuildFile; fileRef = 3B0440D7177D5F3800EA28C3 /* TestView.m */; };
		3B0440DB177DBB0F00EA28C3 /* UIAlertView+MKBlockAdditions.m in Sources */ = {isa = PBXBuildFile; fileRef = 3B0440DA177DBB0F00EA28C3 /* UIAlertView+MKBlockAdditions.m */; };
		3B0440DF177DE97E00EA28C3 /* TableView.m in Sources */ = {isa = PBXBuildFile; fileRef = 3B0440DE177DE97E00EA28C3 /* TableView.m */; };
		3B0440E2177DE9F000EA28C3 /* OverlayView.m in Sources */ = {isa = PBXBuildFile; fileRef = 3B0440E1177DE9F000EA28C3 /* OverlayView.m */; };
		3B04410E177F1B7500EA28C3 /* EditNoteSplitViewController.m in Sources */ = {isa = PBXBuildFile; fileRef = 3B04410D177F1B7500EA28C3 /* EditNoteSplitViewController.m */; };
		3B044124177F6AA200EA28C3 /* TTTAttributedLabel.m in Sources */ = {isa = PBXBuildFile; fileRef = 3B044123177F6AA200EA28C3 /* TTTAttributedLabel.m */; };
		3B04412E1780791700EA28C3 /* CoreText.framework in Frameworks */ = {isa = PBXBuildFile; fileRef = 3B04412D1780791600EA28C3 /* CoreText.framework */; };
		3B0441311780AB2000EA28C3 /* GlobalSearchViewController.m in Sources */ = {isa = PBXBuildFile; fileRef = 3B0441301780AB2000EA28C3 /* GlobalSearchViewController.m */; };
		3B0441341780F9B700EA28C3 /* NormalizedStringTransformer.m in Sources */ = {isa = PBXBuildFile; fileRef = 3B0441331780F9B700EA28C3 /* NormalizedStringTransformer.m */; };
		3B04413D17821A6900EA28C3 /* notes-logo.png in Resources */ = {isa = PBXBuildFile; fileRef = 3B04413B17821A6900EA28C3 /* notes-logo.png */; };
		3B04413E17821A6900EA28C3 /* notes-logo@2x.png in Resources */ = {isa = PBXBuildFile; fileRef = 3B04413C17821A6900EA28C3 /* notes-logo@2x.png */; };
		3B0B331A1778A34200B59AA0 /* NSFetchedResultsController+UICollectionView.m in Sources */ = {isa = PBXBuildFile; fileRef = 3B0B33191778A34200B59AA0 /* NSFetchedResultsController+UICollectionView.m */; };
		3B1FF1A717540C48004B2CFE /* jquery.ui.touch-punch.js in Resources */ = {isa = PBXBuildFile; fileRef = 3B1FF1A417540C48004B2CFE /* jquery.ui.touch-punch.js */; };
		3B1FF1A817540C48004B2CFE /* jquery.ui.touch-punch.min.js in Resources */ = {isa = PBXBuildFile; fileRef = 3B1FF1A517540C48004B2CFE /* jquery.ui.touch-punch.min.js */; };
		3B284969176C52460030CF03 /* MGSplitViewController.m in Sources */ = {isa = PBXBuildFile; fileRef = 3B284963176C52460030CF03 /* MGSplitViewController.m */; settings = {COMPILER_FLAGS = "-fno-objc-arc"; }; };
		3B28496A176C52460030CF03 /* MGSplitCornersView.m in Sources */ = {isa = PBXBuildFile; fileRef = 3B284965176C52460030CF03 /* MGSplitCornersView.m */; settings = {COMPILER_FLAGS = "-fno-objc-arc"; }; };
		3B28496B176C52460030CF03 /* MGSplitDividerView.m in Sources */ = {isa = PBXBuildFile; fileRef = 3B284967176C52460030CF03 /* MGSplitDividerView.m */; settings = {COMPILER_FLAGS = "-fno-objc-arc"; }; };
		3B2CC8AF175710BD001483EA /* FLAC.framework in Frameworks */ = {isa = PBXBuildFile; fileRef = 3B2CC8AE175710BD001483EA /* FLAC.framework */; };
		3B2CC8B2175711E1001483EA /* AVFoundation.framework in Frameworks */ = {isa = PBXBuildFile; fileRef = 3B2CC8B0175711C4001483EA /* AVFoundation.framework */; };
		3B2CC8DD17590219001483EA /* CFNetwork.framework in Frameworks */ = {isa = PBXBuildFile; fileRef = 3B2CC8DC17590218001483EA /* CFNetwork.framework */; };
		3B2CC8DF1759021F001483EA /* SystemConfiguration.framework in Frameworks */ = {isa = PBXBuildFile; fileRef = 3B2CC8DE1759021F001483EA /* SystemConfiguration.framework */; };
		3B2CC8E117590229001483EA /* Security.framework in Frameworks */ = {isa = PBXBuildFile; fileRef = 3B2CC8E017590229001483EA /* Security.framework */; };
		3B2CC8E31759022F001483EA /* ImageIO.framework in Frameworks */ = {isa = PBXBuildFile; fileRef = 3B2CC8E21759022F001483EA /* ImageIO.framework */; };
		3B2CC8E6175907ED001483EA /* test.wav in Resources */ = {isa = PBXBuildFile; fileRef = 3B2CC8E5175907ED001483EA /* test.wav */; };
		3B2CC8EA17591423001483EA /* Utility.m in Sources */ = {isa = PBXBuildFile; fileRef = 3B2CC8E917591423001483EA /* Utility.m */; };
		3B46136C177777D2006D8EBB /* NotebookCell.m in Sources */ = {isa = PBXBuildFile; fileRef = 3B46136B177777D2006D8EBB /* NotebookCell.m */; };
		3B46136F17779391006D8EBB /* UIView+Layout.m in Sources */ = {isa = PBXBuildFile; fileRef = 3B46136E17779391006D8EBB /* UIView+Layout.m */; };
		3B46137217788B00006D8EBB /* NotebookIconView.m in Sources */ = {isa = PBXBuildFile; fileRef = 3B46137117788B00006D8EBB /* NotebookIconView.m */; };
		3B4615891778961F006D8EBB /* NSIndexPath+PSTCollectionViewAdditions.m in Sources */ = {isa = PBXBuildFile; fileRef = 3B46156E1778961F006D8EBB /* NSIndexPath+PSTCollectionViewAdditions.m */; };
		3B46158A1778961F006D8EBB /* PSTCollectionView.m in Sources */ = {isa = PBXBuildFile; fileRef = 3B4615701778961F006D8EBB /* PSTCollectionView.m */; };
		3B46158B1778961F006D8EBB /* PSTCollectionViewCell.m in Sources */ = {isa = PBXBuildFile; fileRef = 3B4615721778961F006D8EBB /* PSTCollectionViewCell.m */; };
		3B46158C1778961F006D8EBB /* PSTCollectionViewController.m in Sources */ = {isa = PBXBuildFile; fileRef = 3B4615751778961F006D8EBB /* PSTCollectionViewController.m */; };
		3B46158D1778961F006D8EBB /* PSTCollectionViewData.m in Sources */ = {isa = PBXBuildFile; fileRef = 3B4615771778961F006D8EBB /* PSTCollectionViewData.m */; };
		3B46158E1778961F006D8EBB /* PSTCollectionViewFlowLayout.m in Sources */ = {isa = PBXBuildFile; fileRef = 3B4615791778961F006D8EBB /* PSTCollectionViewFlowLayout.m */; };
		3B46158F1778961F006D8EBB /* PSTCollectionViewItemKey.m in Sources */ = {isa = PBXBuildFile; fileRef = 3B46157B1778961F006D8EBB /* PSTCollectionViewItemKey.m */; };
		3B4615901778961F006D8EBB /* PSTCollectionViewLayout.m in Sources */ = {isa = PBXBuildFile; fileRef = 3B46157E1778961F006D8EBB /* PSTCollectionViewLayout.m */; };
		3B4615911778961F006D8EBB /* PSTCollectionViewUpdateItem.m in Sources */ = {isa = PBXBuildFile; fileRef = 3B4615801778961F006D8EBB /* PSTCollectionViewUpdateItem.m */; };
		3B4615921778961F006D8EBB /* PSTGridLayoutInfo.m in Sources */ = {isa = PBXBuildFile; fileRef = 3B4615821778961F006D8EBB /* PSTGridLayoutInfo.m */; };
		3B4615931778961F006D8EBB /* PSTGridLayoutItem.m in Sources */ = {isa = PBXBuildFile; fileRef = 3B4615841778961F006D8EBB /* PSTGridLayoutItem.m */; };
		3B4615941778961F006D8EBB /* PSTGridLayoutRow.m in Sources */ = {isa = PBXBuildFile; fileRef = 3B4615861778961F006D8EBB /* PSTGridLayoutRow.m */; };
		3B4615951778961F006D8EBB /* PSTGridLayoutSection.m in Sources */ = {isa = PBXBuildFile; fileRef = 3B4615881778961F006D8EBB /* PSTGridLayoutSection.m */; };
		3B5DC3FD1774B316006581C3 /* NotebookBrowseViewController.m in Sources */ = {isa = PBXBuildFile; fileRef = 3B5DC3FC1774B316006581C3 /* NotebookBrowseViewController.m */; };
		3B5DC4541775817E006581C3 /* NotebookTableView.m in Sources */ = {isa = PBXBuildFile; fileRef = 3B5DC4531775817E006581C3 /* NotebookTableView.m */; };
		3B79AE501772DA1200164252 /* NoteTitleView.m in Sources */ = {isa = PBXBuildFile; fileRef = 3B79AE4F1772DA1200164252 /* NoteTitleView.m */; };
		3BA577B2175926060052757D /* JSONKit.m in Sources */ = {isa = PBXBuildFile; fileRef = 3BA577AF175926060052757D /* JSONKit.m */; settings = {COMPILER_FLAGS = "-fno-objc-arc"; }; };
		3BA577C4175938410052757D /* TranscriptViewController.m in Sources */ = {isa = PBXBuildFile; fileRef = 3BA577C3175938410052757D /* TranscriptViewController.m */; };
		3BA577C7175942E70052757D /* UIViewController+MGSplitViewController.m in Sources */ = {isa = PBXBuildFile; fileRef = 3BA577C6175942E70052757D /* UIViewController+MGSplitViewController.m */; };
		3BA57810175DA9E20052757D /* AudioToolbox.framework in Frameworks */ = {isa = PBXBuildFile; fileRef = 3BA5780F175DA9E20052757D /* AudioToolbox.framework */; };
		3BA57813175DDE050052757D /* TranscriptTemplate.html in Resources */ = {isa = PBXBuildFile; fileRef = 3BA57812175DDE050052757D /* TranscriptTemplate.html */; };
		3BCB7E41174EC5FB006B393D /* EditRichTextViewController.m in Sources */ = {isa = PBXBuildFile; fileRef = 3BCB7E40174EC5FB006B393D /* EditRichTextViewController.m */; };
		3BCB7E44174ECBDC006B393D /* NSTimer+Blocks.m in Sources */ = {isa = PBXBuildFile; fileRef = 3BCB7E43174ECBDC006B393D /* NSTimer+Blocks.m */; };
		3BCB7E4B174EDB0F006B393D /* Common.css in Resources */ = {isa = PBXBuildFile; fileRef = 3BCB7E4A174EDB0F006B393D /* Common.css */; };
		3BCB7E56174F28A7006B393D /* Common.js in Resources */ = {isa = PBXBuildFile; fileRef = 3BCB7E46174ED799006B393D /* Common.js */; };
		3BCB7E5B174F31E8006B393D /* Notebook.m in Sources */ = {isa = PBXBuildFile; fileRef = 3BCB7E5A174F31E8006B393D /* Notebook.m */; };
		3BCB7E5E174F31E8006B393D /* Note.m in Sources */ = {isa = PBXBuildFile; fileRef = 3BCB7E5D174F31E8006B393D /* Note.m */; };
		3BECC675176D7CE600BA1A01 /* NoteSearchViewController.m in Sources */ = {isa = PBXBuildFile; fileRef = 3BECC673176D7CE600BA1A01 /* NoteSearchViewController.m */; };
		3BECC676176D7CE600BA1A01 /* NoteSearchViewController.xib in Resources */ = {isa = PBXBuildFile; fileRef = 3BECC674176D7CE600BA1A01 /* NoteSearchViewController.xib */; };
		3BECC67A176D844B00BA1A01 /* SearchBar.m in Sources */ = {isa = PBXBuildFile; fileRef = 3BECC679176D844B00BA1A01 /* SearchBar.m */; };
		3BECC67B176D972600BA1A01 /* rangy-core.js in Resources */ = {isa = PBXBuildFile; fileRef = 3B28495D176BF5600030CF03 /* rangy-core.js */; };
		3BECC67C176D972600BA1A01 /* rangy-cssclassapplier.js in Resources */ = {isa = PBXBuildFile; fileRef = 3B28495E176BF5600030CF03 /* rangy-cssclassapplier.js */; };
		3BECC67D176D972600BA1A01 /* rangy-textrange.js in Resources */ = {isa = PBXBuildFile; fileRef = 3B28495F176BF5600030CF03 /* rangy-textrange.js */; };
		3BECC680176E3AC400BA1A01 /* ColorPickerView.m in Sources */ = {isa = PBXBuildFile; fileRef = 3BECC67F176E3AC400BA1A01 /* ColorPickerView.m */; };
		3BECC6C917717B0E00BA1A01 /* NotebookListViewController.m in Sources */ = {isa = PBXBuildFile; fileRef = 3BECC6C517717B0E00BA1A01 /* NotebookListViewController.m */; };
		3BECC6CA17717B0E00BA1A01 /* NoteListViewController.m in Sources */ = {isa = PBXBuildFile; fileRef = 3BECC6C717717B0E00BA1A01 /* NoteListViewController.m */; };
		3BECC6CE17717B9C00BA1A01 /* NotesCell.m in Sources */ = {isa = PBXBuildFile; fileRef = 3BECC6CD17717B9C00BA1A01 /* NotesCell.m */; };
		3BF3F63E174C892400AAD591 /* UIKit.framework in Frameworks */ = {isa = PBXBuildFile; fileRef = 3BF3F63D174C892400AAD591 /* UIKit.framework */; };
		3BF3F640174C892400AAD591 /* Foundation.framework in Frameworks */ = {isa = PBXBuildFile; fileRef = 3BF3F63F174C892400AAD591 /* Foundation.framework */; };
		3BF3F642174C892400AAD591 /* CoreGraphics.framework in Frameworks */ = {isa = PBXBuildFile; fileRef = 3BF3F641174C892400AAD591 /* CoreGraphics.framework */; };
		3BF3F644174C892400AAD591 /* CoreData.framework in Frameworks */ = {isa = PBXBuildFile; fileRef = 3BF3F643174C892400AAD591 /* CoreData.framework */; };
		3BF3F64A174C892400AAD591 /* InfoPlist.strings in Resources */ = {isa = PBXBuildFile; fileRef = 3BF3F648174C892400AAD591 /* InfoPlist.strings */; };
		3BF3F64C174C892400AAD591 /* main.m in Sources */ = {isa = PBXBuildFile; fileRef = 3BF3F64B174C892400AAD591 /* main.m */; };
		3BF3F650174C892400AAD591 /* AppDelegate.m in Sources */ = {isa = PBXBuildFile; fileRef = 3BF3F64F174C892400AAD591 /* AppDelegate.m */; };
		3BF3F652174C892400AAD591 /* Default.png in Resources */ = {isa = PBXBuildFile; fileRef = 3BF3F651174C892400AAD591 /* Default.png */; };
		3BF3F654174C892400AAD591 /* Default@2x.png in Resources */ = {isa = PBXBuildFile; fileRef = 3BF3F653174C892400AAD591 /* Default@2x.png */; };
		3BF3F656174C892400AAD591 /* Default-568h@2x.png in Resources */ = {isa = PBXBuildFile; fileRef = 3BF3F655174C892400AAD591 /* Default-568h@2x.png */; };
		3BF3F659174C892400AAD591 /* Notes.xcdatamodeld in Sources */ = {isa = PBXBuildFile; fileRef = 3BF3F657174C892400AAD591 /* Notes.xcdatamodeld */; };
		3BF3F672174D226C00AAD591 /* EditNoteViewController.m in Sources */ = {isa = PBXBuildFile; fileRef = 3BF3F66E174D226C00AAD591 /* EditNoteViewController.m */; };
		3BF3F675174D22AE00AAD591 /* NoteTemplate.html in Resources */ = {isa = PBXBuildFile; fileRef = 3BF3F674174D22AE00AAD591 /* NoteTemplate.html */; };
		3BF3F67B174D28BB00AAD591 /* NoteTemplate.css in Resources */ = {isa = PBXBuildFile; fileRef = 3BF3F67A174D28BB00AAD591 /* NoteTemplate.css */; };
		3BF3F680174D2BE200AAD591 /* UIViewController+KeyboardNotifications.m in Sources */ = {isa = PBXBuildFile; fileRef = 3BF3F67F174D2BE200AAD591 /* UIViewController+KeyboardNotifications.m */; };
		3BF3F682174D37C400AAD591 /* QuartzCore.framework in Frameworks */ = {isa = PBXBuildFile; fileRef = 3BF3F681174D37C400AAD591 /* QuartzCore.framework */; };
		3BF65AD4177B7EFA0035DC29 /* EditNotebookViewController.m in Sources */ = {isa = PBXBuildFile; fileRef = 3BF65AD2177B7EFA0035DC29 /* EditNotebookViewController.m */; };
		3BFD4B631750023D00E3A46F /* WebViewJavascriptBridge.js.txt in Resources */ = {isa = PBXBuildFile; fileRef = 3BFD4B5E1750023D00E3A46F /* WebViewJavascriptBridge.js.txt */; };
		3BFD4B641750023D00E3A46F /* WebViewJavascriptBridgeAbstract.m in Sources */ = {isa = PBXBuildFile; fileRef = 3BFD4B601750023D00E3A46F /* WebViewJavascriptBridgeAbstract.m */; };
		3BFD4B651750023D00E3A46F /* WebViewJavascriptBridge_iOS.m in Sources */ = {isa = PBXBuildFile; fileRef = 3BFD4B621750023D00E3A46F /* WebViewJavascriptBridge_iOS.m */; };
		3BFD4B751750C49400E3A46F /* FontManager.m in Sources */ = {isa = PBXBuildFile; fileRef = 3BFD4B741750C49400E3A46F /* FontManager.m */; };
		3BFD4B781750C63600E3A46F /* UIColor+HexString.m in Sources */ = {isa = PBXBuildFile; fileRef = 3BFD4B771750C63600E3A46F /* UIColor+HexString.m */; };
		3BFD4B8F1751BE5100E3A46F /* NoteManager.m in Sources */ = {isa = PBXBuildFile; fileRef = 3BFD4B8E1751BE5100E3A46F /* NoteManager.m */; };
		3BFD4B951751D3C600E3A46F /* NSFetchedResultsController+UITableView.m in Sources */ = {isa = PBXBuildFile; fileRef = 3BFD4B941751D3C600E3A46F /* NSFetchedResultsController+UITableView.m */; };
/* End PBXBuildFile section */

/* Begin PBXFileReference section */
		3B00BFDB17555F05007B64C0 /* jquery-ui-1.10.3.custom.css */ = {isa = PBXFileReference; fileEncoding = 4; lastKnownFileType = text.css; path = "jquery-ui-1.10.3.custom.css"; sourceTree = "<group>"; };
		3B00BFDC17555F05007B64C0 /* jquery-ui-1.10.3.custom.min.css */ = {isa = PBXFileReference; fileEncoding = 4; lastKnownFileType = text.css; path = "jquery-ui-1.10.3.custom.min.css"; sourceTree = "<group>"; };
		3B00BFDE17555F05007B64C0 /* jquery-1.9.1.js */ = {isa = PBXFileReference; fileEncoding = 4; lastKnownFileType = sourcecode.javascript; path = "jquery-1.9.1.js"; sourceTree = "<group>"; };
		3B00BFDF17555F05007B64C0 /* jquery-ui-1.10.3.custom.js */ = {isa = PBXFileReference; fileEncoding = 4; lastKnownFileType = sourcecode.javascript; path = "jquery-ui-1.10.3.custom.js"; sourceTree = "<group>"; };
		3B00BFE017555F05007B64C0 /* jquery-ui-1.10.3.custom.min.js */ = {isa = PBXFileReference; fileEncoding = 4; lastKnownFileType = sourcecode.javascript; path = "jquery-ui-1.10.3.custom.min.js"; sourceTree = "<group>"; };
		3B00BFE71755919D007B64C0 /* RTEGestureRecognizer.h */ = {isa = PBXFileReference; fileEncoding = 4; lastKnownFileType = sourcecode.c.h; path = RTEGestureRecognizer.h; sourceTree = "<group>"; };
		3B00BFE81755919D007B64C0 /* RTEGestureRecognizer.m */ = {isa = PBXFileReference; fileEncoding = 4; lastKnownFileType = sourcecode.c.objc; path = RTEGestureRecognizer.m; sourceTree = "<group>"; };
		3B00BFEB17559E25007B64C0 /* .gitignore */ = {isa = PBXFileReference; fileEncoding = 4; lastKnownFileType = text; path = .gitignore; sourceTree = "<group>"; };
		3B00BFEC17559E25007B64C0 /* canvasquery.js */ = {isa = PBXFileReference; fileEncoding = 4; lastKnownFileType = sourcecode.javascript; path = canvasquery.js; sourceTree = "<group>"; };
		3B00BFED17559E25007B64C0 /* canvasquery.min.js */ = {isa = PBXFileReference; fileEncoding = 4; lastKnownFileType = sourcecode.javascript; path = canvasquery.min.js; sourceTree = "<group>"; };
		3B00BFEE17559E25007B64C0 /* changelog.txt */ = {isa = PBXFileReference; fileEncoding = 4; lastKnownFileType = text; path = changelog.txt; sourceTree = "<group>"; };
		3B00BFEF17559E25007B64C0 /* example.html */ = {isa = PBXFileReference; fileEncoding = 4; lastKnownFileType = text.html; path = example.html; sourceTree = "<group>"; };
		3B00BFF017559E25007B64C0 /* package.json */ = {isa = PBXFileReference; fileEncoding = 4; lastKnownFileType = text.json; path = package.json; sourceTree = "<group>"; };
		3B00BFF117559E25007B64C0 /* README.md */ = {isa = PBXFileReference; fileEncoding = 4; lastKnownFileType = text; path = README.md; sourceTree = "<group>"; };
		3B00BFFA1755E349007B64C0 /* sketch.js */ = {isa = PBXFileReference; fileEncoding = 4; lastKnownFileType = sourcecode.javascript; path = sketch.js; sourceTree = "<group>"; };
		3B00C00717560F54007B64C0 /* SpeechToTextManager.h */ = {isa = PBXFileReference; fileEncoding = 4; lastKnownFileType = sourcecode.c.h; path = SpeechToTextManager.h; sourceTree = "<group>"; };
		3B00C00817560F54007B64C0 /* SpeechToTextManager.m */ = {isa = PBXFileReference; fileEncoding = 4; lastKnownFileType = sourcecode.c.objc; path = SpeechToTextManager.m; sourceTree = "<group>"; };
		3B0440D6177D5F3800EA28C3 /* TestView.h */ = {isa = PBXFileReference; fileEncoding = 4; lastKnownFileType = sourcecode.c.h; path = TestView.h; sourceTree = "<group>"; };
		3B0440D7177D5F3800EA28C3 /* TestView.m */ = {isa = PBXFileReference; fileEncoding = 4; lastKnownFileType = sourcecode.c.objc; path = TestView.m; sourceTree = "<group>"; };
		3B0440D9177DBB0F00EA28C3 /* UIAlertView+MKBlockAdditions.h */ = {isa = PBXFileReference; fileEncoding = 4; lastKnownFileType = sourcecode.c.h; path = "UIAlertView+MKBlockAdditions.h"; sourceTree = "<group>"; };
		3B0440DA177DBB0F00EA28C3 /* UIAlertView+MKBlockAdditions.m */ = {isa = PBXFileReference; fileEncoding = 4; lastKnownFileType = sourcecode.c.objc; path = "UIAlertView+MKBlockAdditions.m"; sourceTree = "<group>"; };
		3B0440DD177DE97E00EA28C3 /* TableView.h */ = {isa = PBXFileReference; fileEncoding = 4; lastKnownFileType = sourcecode.c.h; path = TableView.h; sourceTree = "<group>"; };
		3B0440DE177DE97E00EA28C3 /* TableView.m */ = {isa = PBXFileReference; fileEncoding = 4; lastKnownFileType = sourcecode.c.objc; path = TableView.m; sourceTree = "<group>"; };
		3B0440E0177DE9F000EA28C3 /* OverlayView.h */ = {isa = PBXFileReference; fileEncoding = 4; lastKnownFileType = sourcecode.c.h; path = OverlayView.h; sourceTree = "<group>"; };
		3B0440E1177DE9F000EA28C3 /* OverlayView.m */ = {isa = PBXFileReference; fileEncoding = 4; lastKnownFileType = sourcecode.c.objc; path = OverlayView.m; sourceTree = "<group>"; };
		3B04410C177F1B7500EA28C3 /* EditNoteSplitViewController.h */ = {isa = PBXFileReference; fileEncoding = 4; lastKnownFileType = sourcecode.c.h; path = EditNoteSplitViewController.h; sourceTree = "<group>"; };
		3B04410D177F1B7500EA28C3 /* EditNoteSplitViewController.m */ = {isa = PBXFileReference; fileEncoding = 4; lastKnownFileType = sourcecode.c.objc; path = EditNoteSplitViewController.m; sourceTree = "<group>"; };
		3B044122177F6AA200EA28C3 /* TTTAttributedLabel.h */ = {isa = PBXFileReference; fileEncoding = 4; lastKnownFileType = sourcecode.c.h; path = TTTAttributedLabel.h; sourceTree = "<group>"; };
		3B044123177F6AA200EA28C3 /* TTTAttributedLabel.m */ = {isa = PBXFileReference; fileEncoding = 4; lastKnownFileType = sourcecode.c.objc; path = TTTAttributedLabel.m; sourceTree = "<group>"; };
		3B04412D1780791600EA28C3 /* CoreText.framework */ = {isa = PBXFileReference; lastKnownFileType = wrapper.framework; name = CoreText.framework; path = System/Library/Frameworks/CoreText.framework; sourceTree = SDKROOT; };
		3B04412F1780AB2000EA28C3 /* GlobalSearchViewController.h */ = {isa = PBXFileReference; fileEncoding = 4; lastKnownFileType = sourcecode.c.h; path = GlobalSearchViewController.h; sourceTree = "<group>"; };
		3B0441301780AB2000EA28C3 /* GlobalSearchViewController.m */ = {isa = PBXFileReference; fileEncoding = 4; lastKnownFileType = sourcecode.c.objc; path = GlobalSearchViewController.m; sourceTree = "<group>"; };
		3B0441321780F9B700EA28C3 /* NormalizedStringTransformer.h */ = {isa = PBXFileReference; fileEncoding = 4; lastKnownFileType = sourcecode.c.h; path = NormalizedStringTransformer.h; sourceTree = "<group>"; };
		3B0441331780F9B700EA28C3 /* NormalizedStringTransformer.m */ = {isa = PBXFileReference; fileEncoding = 4; lastKnownFileType = sourcecode.c.objc; path = NormalizedStringTransformer.m; sourceTree = "<group>"; };
		3B04413B17821A6900EA28C3 /* notes-logo.png */ = {isa = PBXFileReference; lastKnownFileType = image.png; path = "notes-logo.png"; sourceTree = "<group>"; };
		3B04413C17821A6900EA28C3 /* notes-logo@2x.png */ = {isa = PBXFileReference; lastKnownFileType = image.png; path = "notes-logo@2x.png"; sourceTree = "<group>"; };
		3B0B33181778A34200B59AA0 /* NSFetchedResultsController+UICollectionView.h */ = {isa = PBXFileReference; fileEncoding = 4; lastKnownFileType = sourcecode.c.h; path = "NSFetchedResultsController+UICollectionView.h"; sourceTree = "<group>"; };
		3B0B33191778A34200B59AA0 /* NSFetchedResultsController+UICollectionView.m */ = {isa = PBXFileReference; fileEncoding = 4; lastKnownFileType = sourcecode.c.objc; path = "NSFetchedResultsController+UICollectionView.m"; sourceTree = "<group>"; };
		3B1FF1A417540C48004B2CFE /* jquery.ui.touch-punch.js */ = {isa = PBXFileReference; fileEncoding = 4; lastKnownFileType = sourcecode.javascript; path = "jquery.ui.touch-punch.js"; sourceTree = "<group>"; };
		3B1FF1A517540C48004B2CFE /* jquery.ui.touch-punch.min.js */ = {isa = PBXFileReference; fileEncoding = 4; lastKnownFileType = sourcecode.javascript; path = "jquery.ui.touch-punch.min.js"; sourceTree = "<group>"; };
		3B28495D176BF5600030CF03 /* rangy-core.js */ = {isa = PBXFileReference; fileEncoding = 4; lastKnownFileType = sourcecode.javascript; name = "rangy-core.js"; path = "Rangy/dev/rangy-core.js"; sourceTree = "<group>"; };
		3B28495E176BF5600030CF03 /* rangy-cssclassapplier.js */ = {isa = PBXFileReference; fileEncoding = 4; lastKnownFileType = sourcecode.javascript; name = "rangy-cssclassapplier.js"; path = "Rangy/dev/rangy-cssclassapplier.js"; sourceTree = "<group>"; };
		3B28495F176BF5600030CF03 /* rangy-textrange.js */ = {isa = PBXFileReference; fileEncoding = 4; lastKnownFileType = sourcecode.javascript; name = "rangy-textrange.js"; path = "Rangy/dev/rangy-textrange.js"; sourceTree = "<group>"; };
		3B284963176C52460030CF03 /* MGSplitViewController.m */ = {isa = PBXFileReference; fileEncoding = 4; lastKnownFileType = sourcecode.c.objc; name = MGSplitViewController.m; path = MGSplitViewController/Classes/MGSplitViewController.m; sourceTree = "<group>"; };
		3B284964176C52460030CF03 /* MGSplitViewController.h */ = {isa = PBXFileReference; fileEncoding = 4; lastKnownFileType = sourcecode.c.h; name = MGSplitViewController.h; path = MGSplitViewController/Classes/MGSplitViewController.h; sourceTree = "<group>"; };
		3B284965176C52460030CF03 /* MGSplitCornersView.m */ = {isa = PBXFileReference; fileEncoding = 4; lastKnownFileType = sourcecode.c.objc; name = MGSplitCornersView.m; path = MGSplitViewController/Classes/MGSplitCornersView.m; sourceTree = "<group>"; };
		3B284966176C52460030CF03 /* MGSplitDividerView.h */ = {isa = PBXFileReference; fileEncoding = 4; lastKnownFileType = sourcecode.c.h; name = MGSplitDividerView.h; path = MGSplitViewController/Classes/MGSplitDividerView.h; sourceTree = "<group>"; };
		3B284967176C52460030CF03 /* MGSplitDividerView.m */ = {isa = PBXFileReference; fileEncoding = 4; lastKnownFileType = sourcecode.c.objc; name = MGSplitDividerView.m; path = MGSplitViewController/Classes/MGSplitDividerView.m; sourceTree = "<group>"; };
		3B284968176C52460030CF03 /* MGSplitCornersView.h */ = {isa = PBXFileReference; fileEncoding = 4; lastKnownFileType = sourcecode.c.h; name = MGSplitCornersView.h; path = MGSplitViewController/Classes/MGSplitCornersView.h; sourceTree = "<group>"; };
		3B2CC8AE175710BD001483EA /* FLAC.framework */ = {isa = PBXFileReference; lastKnownFileType = wrapper.framework; name = FLAC.framework; path = "Notes/External/Audio-Frameworks/bin/flac/FLAC.framework"; sourceTree = "<group>"; };
		3B2CC8B0175711C4001483EA /* AVFoundation.framework */ = {isa = PBXFileReference; lastKnownFileType = wrapper.framework; name = AVFoundation.framework; path = System/Library/Frameworks/AVFoundation.framework; sourceTree = SDKROOT; };
		3B2CC8DC17590218001483EA /* CFNetwork.framework */ = {isa = PBXFileReference; lastKnownFileType = wrapper.framework; name = CFNetwork.framework; path = System/Library/Frameworks/CFNetwork.framework; sourceTree = SDKROOT; };
		3B2CC8DE1759021F001483EA /* SystemConfiguration.framework */ = {isa = PBXFileReference; lastKnownFileType = wrapper.framework; name = SystemConfiguration.framework; path = System/Library/Frameworks/SystemConfiguration.framework; sourceTree = SDKROOT; };
		3B2CC8E017590229001483EA /* Security.framework */ = {isa = PBXFileReference; lastKnownFileType = wrapper.framework; name = Security.framework; path = System/Library/Frameworks/Security.framework; sourceTree = SDKROOT; };
		3B2CC8E21759022F001483EA /* ImageIO.framework */ = {isa = PBXFileReference; lastKnownFileType = wrapper.framework; name = ImageIO.framework; path = System/Library/Frameworks/ImageIO.framework; sourceTree = SDKROOT; };
		3B2CC8E4175905A5001483EA /* wav.h */ = {isa = PBXFileReference; fileEncoding = 4; lastKnownFileType = sourcecode.c.h; path = wav.h; sourceTree = "<group>"; };
		3B2CC8E5175907ED001483EA /* test.wav */ = {isa = PBXFileReference; lastKnownFileType = audio.wav; path = test.wav; sourceTree = "<group>"; };
		3B2CC8E817591423001483EA /* Utility.h */ = {isa = PBXFileReference; fileEncoding = 4; lastKnownFileType = sourcecode.c.h; path = Utility.h; sourceTree = "<group>"; };
		3B2CC8E917591423001483EA /* Utility.m */ = {isa = PBXFileReference; fileEncoding = 4; lastKnownFileType = sourcecode.c.objc; path = Utility.m; sourceTree = "<group>"; };
		3B46136A177777D2006D8EBB /* NotebookCell.h */ = {isa = PBXFileReference; fileEncoding = 4; lastKnownFileType = sourcecode.c.h; path = NotebookCell.h; sourceTree = "<group>"; };
		3B46136B177777D2006D8EBB /* NotebookCell.m */ = {isa = PBXFileReference; fileEncoding = 4; lastKnownFileType = sourcecode.c.objc; path = NotebookCell.m; sourceTree = "<group>"; };
		3B46136D17779391006D8EBB /* UIView+Layout.h */ = {isa = PBXFileReference; fileEncoding = 4; lastKnownFileType = sourcecode.c.h; path = "UIView+Layout.h"; sourceTree = "<group>"; };
		3B46136E17779391006D8EBB /* UIView+Layout.m */ = {isa = PBXFileReference; fileEncoding = 4; lastKnownFileType = sourcecode.c.objc; path = "UIView+Layout.m"; sourceTree = "<group>"; };
		3B46137017788B00006D8EBB /* NotebookIconView.h */ = {isa = PBXFileReference; fileEncoding = 4; lastKnownFileType = sourcecode.c.h; path = NotebookIconView.h; sourceTree = "<group>"; };
		3B46137117788B00006D8EBB /* NotebookIconView.m */ = {isa = PBXFileReference; fileEncoding = 4; lastKnownFileType = sourcecode.c.objc; path = NotebookIconView.m; sourceTree = "<group>"; };
		3B46156D1778961F006D8EBB /* NSIndexPath+PSTCollectionViewAdditions.h */ = {isa = PBXFileReference; fileEncoding = 4; lastKnownFileType = sourcecode.c.h; path = "NSIndexPath+PSTCollectionViewAdditions.h"; sourceTree = "<group>"; };
		3B46156E1778961F006D8EBB /* NSIndexPath+PSTCollectionViewAdditions.m */ = {isa = PBXFileReference; fileEncoding = 4; lastKnownFileType = sourcecode.c.objc; path = "NSIndexPath+PSTCollectionViewAdditions.m"; sourceTree = "<group>"; };
		3B46156F1778961F006D8EBB /* PSTCollectionView.h */ = {isa = PBXFileReference; fileEncoding = 4; lastKnownFileType = sourcecode.c.h; path = PSTCollectionView.h; sourceTree = "<group>"; };
		3B4615701778961F006D8EBB /* PSTCollectionView.m */ = {isa = PBXFileReference; fileEncoding = 4; lastKnownFileType = sourcecode.c.objc; path = PSTCollectionView.m; sourceTree = "<group>"; };
		3B4615711778961F006D8EBB /* PSTCollectionViewCell.h */ = {isa = PBXFileReference; fileEncoding = 4; lastKnownFileType = sourcecode.c.h; path = PSTCollectionViewCell.h; sourceTree = "<group>"; };
		3B4615721778961F006D8EBB /* PSTCollectionViewCell.m */ = {isa = PBXFileReference; fileEncoding = 4; lastKnownFileType = sourcecode.c.objc; path = PSTCollectionViewCell.m; sourceTree = "<group>"; };
		3B4615731778961F006D8EBB /* PSTCollectionViewCommon.h */ = {isa = PBXFileReference; fileEncoding = 4; lastKnownFileType = sourcecode.c.h; path = PSTCollectionViewCommon.h; sourceTree = "<group>"; };
		3B4615741778961F006D8EBB /* PSTCollectionViewController.h */ = {isa = PBXFileReference; fileEncoding = 4; lastKnownFileType = sourcecode.c.h; path = PSTCollectionViewController.h; sourceTree = "<group>"; };
		3B4615751778961F006D8EBB /* PSTCollectionViewController.m */ = {isa = PBXFileReference; fileEncoding = 4; lastKnownFileType = sourcecode.c.objc; path = PSTCollectionViewController.m; sourceTree = "<group>"; };
		3B4615761778961F006D8EBB /* PSTCollectionViewData.h */ = {isa = PBXFileReference; fileEncoding = 4; lastKnownFileType = sourcecode.c.h; path = PSTCollectionViewData.h; sourceTree = "<group>"; };
		3B4615771778961F006D8EBB /* PSTCollectionViewData.m */ = {isa = PBXFileReference; fileEncoding = 4; lastKnownFileType = sourcecode.c.objc; path = PSTCollectionViewData.m; sourceTree = "<group>"; };
		3B4615781778961F006D8EBB /* PSTCollectionViewFlowLayout.h */ = {isa = PBXFileReference; fileEncoding = 4; lastKnownFileType = sourcecode.c.h; path = PSTCollectionViewFlowLayout.h; sourceTree = "<group>"; };
		3B4615791778961F006D8EBB /* PSTCollectionViewFlowLayout.m */ = {isa = PBXFileReference; fileEncoding = 4; lastKnownFileType = sourcecode.c.objc; path = PSTCollectionViewFlowLayout.m; sourceTree = "<group>"; };
		3B46157A1778961F006D8EBB /* PSTCollectionViewItemKey.h */ = {isa = PBXFileReference; fileEncoding = 4; lastKnownFileType = sourcecode.c.h; path = PSTCollectionViewItemKey.h; sourceTree = "<group>"; };
		3B46157B1778961F006D8EBB /* PSTCollectionViewItemKey.m */ = {isa = PBXFileReference; fileEncoding = 4; lastKnownFileType = sourcecode.c.objc; path = PSTCollectionViewItemKey.m; sourceTree = "<group>"; };
		3B46157C1778961F006D8EBB /* PSTCollectionViewLayout+Internals.h */ = {isa = PBXFileReference; fileEncoding = 4; lastKnownFileType = sourcecode.c.h; path = "PSTCollectionViewLayout+Internals.h"; sourceTree = "<group>"; };
		3B46157D1778961F006D8EBB /* PSTCollectionViewLayout.h */ = {isa = PBXFileReference; fileEncoding = 4; lastKnownFileType = sourcecode.c.h; path = PSTCollectionViewLayout.h; sourceTree = "<group>"; };
		3B46157E1778961F006D8EBB /* PSTCollectionViewLayout.m */ = {isa = PBXFileReference; fileEncoding = 4; lastKnownFileType = sourcecode.c.objc; path = PSTCollectionViewLayout.m; sourceTree = "<group>"; };
		3B46157F1778961F006D8EBB /* PSTCollectionViewUpdateItem.h */ = {isa = PBXFileReference; fileEncoding = 4; lastKnownFileType = sourcecode.c.h; path = PSTCollectionViewUpdateItem.h; sourceTree = "<group>"; };
		3B4615801778961F006D8EBB /* PSTCollectionViewUpdateItem.m */ = {isa = PBXFileReference; fileEncoding = 4; lastKnownFileType = sourcecode.c.objc; path = PSTCollectionViewUpdateItem.m; sourceTree = "<group>"; };
		3B4615811778961F006D8EBB /* PSTGridLayoutInfo.h */ = {isa = PBXFileReference; fileEncoding = 4; lastKnownFileType = sourcecode.c.h; path = PSTGridLayoutInfo.h; sourceTree = "<group>"; };
		3B4615821778961F006D8EBB /* PSTGridLayoutInfo.m */ = {isa = PBXFileReference; fileEncoding = 4; lastKnownFileType = sourcecode.c.objc; path = PSTGridLayoutInfo.m; sourceTree = "<group>"; };
		3B4615831778961F006D8EBB /* PSTGridLayoutItem.h */ = {isa = PBXFileReference; fileEncoding = 4; lastKnownFileType = sourcecode.c.h; path = PSTGridLayoutItem.h; sourceTree = "<group>"; };
		3B4615841778961F006D8EBB /* PSTGridLayoutItem.m */ = {isa = PBXFileReference; fileEncoding = 4; lastKnownFileType = sourcecode.c.objc; path = PSTGridLayoutItem.m; sourceTree = "<group>"; };
		3B4615851778961F006D8EBB /* PSTGridLayoutRow.h */ = {isa = PBXFileReference; fileEncoding = 4; lastKnownFileType = sourcecode.c.h; path = PSTGridLayoutRow.h; sourceTree = "<group>"; };
		3B4615861778961F006D8EBB /* PSTGridLayoutRow.m */ = {isa = PBXFileReference; fileEncoding = 4; lastKnownFileType = sourcecode.c.objc; path = PSTGridLayoutRow.m; sourceTree = "<group>"; };
		3B4615871778961F006D8EBB /* PSTGridLayoutSection.h */ = {isa = PBXFileReference; fileEncoding = 4; lastKnownFileType = sourcecode.c.h; path = PSTGridLayoutSection.h; sourceTree = "<group>"; };
		3B4615881778961F006D8EBB /* PSTGridLayoutSection.m */ = {isa = PBXFileReference; fileEncoding = 4; lastKnownFileType = sourcecode.c.objc; path = PSTGridLayoutSection.m; sourceTree = "<group>"; };
		3B5DC3FB1774B316006581C3 /* NotebookBrowseViewController.h */ = {isa = PBXFileReference; fileEncoding = 4; lastKnownFileType = sourcecode.c.h; path = NotebookBrowseViewController.h; sourceTree = "<group>"; };
		3B5DC3FC1774B316006581C3 /* NotebookBrowseViewController.m */ = {isa = PBXFileReference; fileEncoding = 4; lastKnownFileType = sourcecode.c.objc; path = NotebookBrowseViewController.m; sourceTree = "<group>"; };
		3B5DC4521775817E006581C3 /* NotebookTableView.h */ = {isa = PBXFileReference; fileEncoding = 4; lastKnownFileType = sourcecode.c.h; path = NotebookTableView.h; sourceTree = "<group>"; };
		3B5DC4531775817E006581C3 /* NotebookTableView.m */ = {isa = PBXFileReference; fileEncoding = 4; lastKnownFileType = sourcecode.c.objc; path = NotebookTableView.m; sourceTree = "<group>"; };
		3B79AE4E1772DA1200164252 /* NoteTitleView.h */ = {isa = PBXFileReference; fileEncoding = 4; lastKnownFileType = sourcecode.c.h; path = NoteTitleView.h; sourceTree = "<group>"; };
		3B79AE4F1772DA1200164252 /* NoteTitleView.m */ = {isa = PBXFileReference; fileEncoding = 4; lastKnownFileType = sourcecode.c.objc; path = NoteTitleView.m; sourceTree = "<group>"; };
		3BA577AE175926060052757D /* JSONKit.h */ = {isa = PBXFileReference; fileEncoding = 4; lastKnownFileType = sourcecode.c.h; path = JSONKit.h; sourceTree = "<group>"; };
		3BA577AF175926060052757D /* JSONKit.m */ = {isa = PBXFileReference; fileEncoding = 4; lastKnownFileType = sourcecode.c.objc; path = JSONKit.m; sourceTree = "<group>"; };
		3BA577C2175938410052757D /* TranscriptViewController.h */ = {isa = PBXFileReference; fileEncoding = 4; lastKnownFileType = sourcecode.c.h; path = TranscriptViewController.h; sourceTree = "<group>"; };
		3BA577C3175938410052757D /* TranscriptViewController.m */ = {isa = PBXFileReference; fileEncoding = 4; lastKnownFileType = sourcecode.c.objc; path = TranscriptViewController.m; sourceTree = "<group>"; };
		3BA577C5175942E70052757D /* UIViewController+MGSplitViewController.h */ = {isa = PBXFileReference; fileEncoding = 4; lastKnownFileType = sourcecode.c.h; path = "UIViewController+MGSplitViewController.h"; sourceTree = "<group>"; };
		3BA577C6175942E70052757D /* UIViewController+MGSplitViewController.m */ = {isa = PBXFileReference; fileEncoding = 4; lastKnownFileType = sourcecode.c.objc; path = "UIViewController+MGSplitViewController.m"; sourceTree = "<group>"; };
		3BA5780F175DA9E20052757D /* AudioToolbox.framework */ = {isa = PBXFileReference; lastKnownFileType = wrapper.framework; name = AudioToolbox.framework; path = System/Library/Frameworks/AudioToolbox.framework; sourceTree = SDKROOT; };
		3BA57812175DDE050052757D /* TranscriptTemplate.html */ = {isa = PBXFileReference; fileEncoding = 4; lastKnownFileType = text.html; path = TranscriptTemplate.html; sourceTree = "<group>"; };
		3BCB7E3F174EC5FA006B393D /* EditRichTextViewController.h */ = {isa = PBXFileReference; fileEncoding = 4; lastKnownFileType = sourcecode.c.h; path = EditRichTextViewController.h; sourceTree = "<group>"; };
		3BCB7E40174EC5FB006B393D /* EditRichTextViewController.m */ = {isa = PBXFileReference; fileEncoding = 4; lastKnownFileType = sourcecode.c.objc; path = EditRichTextViewController.m; sourceTree = "<group>"; };
		3BCB7E42174ECBDC006B393D /* NSTimer+Blocks.h */ = {isa = PBXFileReference; fileEncoding = 4; lastKnownFileType = sourcecode.c.h; path = "NSTimer+Blocks.h"; sourceTree = "<group>"; };
		3BCB7E43174ECBDC006B393D /* NSTimer+Blocks.m */ = {isa = PBXFileReference; fileEncoding = 4; lastKnownFileType = sourcecode.c.objc; path = "NSTimer+Blocks.m"; sourceTree = "<group>"; };
		3BCB7E46174ED799006B393D /* Common.js */ = {isa = PBXFileReference; fileEncoding = 4; lastKnownFileType = sourcecode.javascript; path = Common.js; sourceTree = "<group>"; };
		3BCB7E4A174EDB0F006B393D /* Common.css */ = {isa = PBXFileReference; fileEncoding = 4; lastKnownFileType = text.css; path = Common.css; sourceTree = "<group>"; };
		3BCB7E59174F31E8006B393D /* Notebook.h */ = {isa = PBXFileReference; fileEncoding = 4; lastKnownFileType = sourcecode.c.h; path = Notebook.h; sourceTree = "<group>"; };
		3BCB7E5A174F31E8006B393D /* Notebook.m */ = {isa = PBXFileReference; fileEncoding = 4; lastKnownFileType = sourcecode.c.objc; path = Notebook.m; sourceTree = "<group>"; };
		3BCB7E5C174F31E8006B393D /* Note.h */ = {isa = PBXFileReference; fileEncoding = 4; lastKnownFileType = sourcecode.c.h; path = Note.h; sourceTree = "<group>"; };
		3BCB7E5D174F31E8006B393D /* Note.m */ = {isa = PBXFileReference; fileEncoding = 4; lastKnownFileType = sourcecode.c.objc; path = Note.m; sourceTree = "<group>"; };
		3BCB7E5F174F34A5006B393D /* Model.h */ = {isa = PBXFileReference; lastKnownFileType = sourcecode.c.h; path = Model.h; sourceTree = "<group>"; };
		3BECC672176D7CE600BA1A01 /* NoteSearchViewController.h */ = {isa = PBXFileReference; fileEncoding = 4; lastKnownFileType = sourcecode.c.h; path = NoteSearchViewController.h; sourceTree = "<group>"; };
		3BECC673176D7CE600BA1A01 /* NoteSearchViewController.m */ = {isa = PBXFileReference; fileEncoding = 4; lastKnownFileType = sourcecode.c.objc; path = NoteSearchViewController.m; sourceTree = "<group>"; };
		3BECC674176D7CE600BA1A01 /* NoteSearchViewController.xib */ = {isa = PBXFileReference; fileEncoding = 4; lastKnownFileType = file.xib; path = NoteSearchViewController.xib; sourceTree = "<group>"; };
		3BECC678176D844B00BA1A01 /* SearchBar.h */ = {isa = PBXFileReference; fileEncoding = 4; lastKnownFileType = sourcecode.c.h; path = SearchBar.h; sourceTree = "<group>"; };
		3BECC679176D844B00BA1A01 /* SearchBar.m */ = {isa = PBXFileReference; fileEncoding = 4; lastKnownFileType = sourcecode.c.objc; path = SearchBar.m; sourceTree = "<group>"; };
		3BECC67E176E3AC400BA1A01 /* ColorPickerView.h */ = {isa = PBXFileReference; fileEncoding = 4; lastKnownFileType = sourcecode.c.h; path = ColorPickerView.h; sourceTree = "<group>"; };
		3BECC67F176E3AC400BA1A01 /* ColorPickerView.m */ = {isa = PBXFileReference; fileEncoding = 4; lastKnownFileType = sourcecode.c.objc; path = ColorPickerView.m; sourceTree = "<group>"; };
		3BECC6C417717B0E00BA1A01 /* NotebookListViewController.h */ = {isa = PBXFileReference; fileEncoding = 4; lastKnownFileType = sourcecode.c.h; path = NotebookListViewController.h; sourceTree = "<group>"; };
		3BECC6C517717B0E00BA1A01 /* NotebookListViewController.m */ = {isa = PBXFileReference; fileEncoding = 4; lastKnownFileType = sourcecode.c.objc; path = NotebookListViewController.m; sourceTree = "<group>"; };
		3BECC6C617717B0E00BA1A01 /* NoteListViewController.h */ = {isa = PBXFileReference; fileEncoding = 4; lastKnownFileType = sourcecode.c.h; path = NoteListViewController.h; sourceTree = "<group>"; };
		3BECC6C717717B0E00BA1A01 /* NoteListViewController.m */ = {isa = PBXFileReference; fileEncoding = 4; lastKnownFileType = sourcecode.c.objc; path = NoteListViewController.m; sourceTree = "<group>"; };
		3BECC6CC17717B9C00BA1A01 /* NotesCell.h */ = {isa = PBXFileReference; fileEncoding = 4; lastKnownFileType = sourcecode.c.h; path = NotesCell.h; sourceTree = "<group>"; };
		3BECC6CD17717B9C00BA1A01 /* NotesCell.m */ = {isa = PBXFileReference; fileEncoding = 4; lastKnownFileType = sourcecode.c.objc; path = NotesCell.m; sourceTree = "<group>"; };
		3BF3F63A174C892400AAD591 /* Notes.app */ = {isa = PBXFileReference; explicitFileType = wrapper.application; includeInIndex = 0; path = Notes.app; sourceTree = BUILT_PRODUCTS_DIR; };
		3BF3F63D174C892400AAD591 /* UIKit.framework */ = {isa = PBXFileReference; lastKnownFileType = wrapper.framework; name = UIKit.framework; path = System/Library/Frameworks/UIKit.framework; sourceTree = SDKROOT; };
		3BF3F63F174C892400AAD591 /* Foundation.framework */ = {isa = PBXFileReference; lastKnownFileType = wrapper.framework; name = Foundation.framework; path = System/Library/Frameworks/Foundation.framework; sourceTree = SDKROOT; };
		3BF3F641174C892400AAD591 /* CoreGraphics.framework */ = {isa = PBXFileReference; lastKnownFileType = wrapper.framework; name = CoreGraphics.framework; path = System/Library/Frameworks/CoreGraphics.framework; sourceTree = SDKROOT; };
		3BF3F643174C892400AAD591 /* CoreData.framework */ = {isa = PBXFileReference; lastKnownFileType = wrapper.framework; name = CoreData.framework; path = System/Library/Frameworks/CoreData.framework; sourceTree = SDKROOT; };
		3BF3F647174C892400AAD591 /* Notes-Info.plist */ = {isa = PBXFileReference; lastKnownFileType = text.plist.xml; path = "Notes-Info.plist"; sourceTree = "<group>"; };
		3BF3F649174C892400AAD591 /* en */ = {isa = PBXFileReference; lastKnownFileType = text.plist.strings; name = en; path = en.lproj/InfoPlist.strings; sourceTree = "<group>"; };
		3BF3F64B174C892400AAD591 /* main.m */ = {isa = PBXFileReference; lastKnownFileType = sourcecode.c.objc; path = main.m; sourceTree = "<group>"; };
		3BF3F64D174C892400AAD591 /* Notes-Prefix.pch */ = {isa = PBXFileReference; lastKnownFileType = sourcecode.c.h; path = "Notes-Prefix.pch"; sourceTree = "<group>"; };
		3BF3F64E174C892400AAD591 /* AppDelegate.h */ = {isa = PBXFileReference; lastKnownFileType = sourcecode.c.h; name = AppDelegate.h; path = Notes/AppDelegate.h; sourceTree = "<group>"; };
		3BF3F64F174C892400AAD591 /* AppDelegate.m */ = {isa = PBXFileReference; lastKnownFileType = sourcecode.c.objc; lineEnding = 0; name = AppDelegate.m; path = Notes/AppDelegate.m; sourceTree = "<group>"; xcLanguageSpecificationIdentifier = xcode.lang.objc; };
		3BF3F651174C892400AAD591 /* Default.png */ = {isa = PBXFileReference; lastKnownFileType = image.png; path = Default.png; sourceTree = "<group>"; };
		3BF3F653174C892400AAD591 /* Default@2x.png */ = {isa = PBXFileReference; lastKnownFileType = image.png; path = "Default@2x.png"; sourceTree = "<group>"; };
		3BF3F655174C892400AAD591 /* Default-568h@2x.png */ = {isa = PBXFileReference; lastKnownFileType = image.png; path = "Default-568h@2x.png"; sourceTree = "<group>"; };
		3BF3F658174C892400AAD591 /* Notes.xcdatamodel */ = {isa = PBXFileReference; lastKnownFileType = wrapper.xcdatamodel; path = Notes.xcdatamodel; sourceTree = "<group>"; };
		3BF3F66D174D226C00AAD591 /* EditNoteViewController.h */ = {isa = PBXFileReference; fileEncoding = 4; lastKnownFileType = sourcecode.c.h; path = EditNoteViewController.h; sourceTree = "<group>"; };
		3BF3F66E174D226C00AAD591 /* EditNoteViewController.m */ = {isa = PBXFileReference; fileEncoding = 4; lastKnownFileType = sourcecode.c.objc; path = EditNoteViewController.m; sourceTree = "<group>"; };
		3BF3F674174D22AE00AAD591 /* NoteTemplate.html */ = {isa = PBXFileReference; fileEncoding = 4; lastKnownFileType = text.html; path = NoteTemplate.html; sourceTree = "<group>"; };
		3BF3F67A174D28BB00AAD591 /* NoteTemplate.css */ = {isa = PBXFileReference; fileEncoding = 4; lastKnownFileType = text.css; path = NoteTemplate.css; sourceTree = "<group>"; };
		3BF3F67E174D2BE200AAD591 /* UIViewController+KeyboardNotifications.h */ = {isa = PBXFileReference; fileEncoding = 4; lastKnownFileType = sourcecode.c.h; path = "UIViewController+KeyboardNotifications.h"; sourceTree = "<group>"; };
		3BF3F67F174D2BE200AAD591 /* UIViewController+KeyboardNotifications.m */ = {isa = PBXFileReference; fileEncoding = 4; lastKnownFileType = sourcecode.c.objc; path = "UIViewController+KeyboardNotifications.m"; sourceTree = "<group>"; };
		3BF3F681174D37C400AAD591 /* QuartzCore.framework */ = {isa = PBXFileReference; lastKnownFileType = wrapper.framework; name = QuartzCore.framework; path = System/Library/Frameworks/QuartzCore.framework; sourceTree = SDKROOT; };
		3BF65AD2177B7EFA0035DC29 /* EditNotebookViewController.m */ = {isa = PBXFileReference; fileEncoding = 4; lastKnownFileType = sourcecode.c.objc; path = EditNotebookViewController.m; sourceTree = "<group>"; };
		3BF65AD3177B7EFA0035DC29 /* EditNotebookViewController.h */ = {isa = PBXFileReference; fileEncoding = 4; lastKnownFileType = sourcecode.c.h; path = EditNotebookViewController.h; sourceTree = "<group>"; };
		3BFD4B5E1750023D00E3A46F /* WebViewJavascriptBridge.js.txt */ = {isa = PBXFileReference; fileEncoding = 4; lastKnownFileType = text; path = WebViewJavascriptBridge.js.txt; sourceTree = "<group>"; };
		3BFD4B5F1750023D00E3A46F /* WebViewJavascriptBridgeAbstract.h */ = {isa = PBXFileReference; fileEncoding = 4; lastKnownFileType = sourcecode.c.h; path = WebViewJavascriptBridgeAbstract.h; sourceTree = "<group>"; };
		3BFD4B601750023D00E3A46F /* WebViewJavascriptBridgeAbstract.m */ = {isa = PBXFileReference; fileEncoding = 4; lastKnownFileType = sourcecode.c.objc; path = WebViewJavascriptBridgeAbstract.m; sourceTree = "<group>"; };
		3BFD4B611750023D00E3A46F /* WebViewJavascriptBridge_iOS.h */ = {isa = PBXFileReference; fileEncoding = 4; lastKnownFileType = sourcecode.c.h; path = WebViewJavascriptBridge_iOS.h; sourceTree = "<group>"; };
		3BFD4B621750023D00E3A46F /* WebViewJavascriptBridge_iOS.m */ = {isa = PBXFileReference; fileEncoding = 4; lastKnownFileType = sourcecode.c.objc; path = WebViewJavascriptBridge_iOS.m; sourceTree = "<group>"; };
		3BFD4B731750C49400E3A46F /* FontManager.h */ = {isa = PBXFileReference; fileEncoding = 4; lastKnownFileType = sourcecode.c.h; path = FontManager.h; sourceTree = "<group>"; };
		3BFD4B741750C49400E3A46F /* FontManager.m */ = {isa = PBXFileReference; fileEncoding = 4; lastKnownFileType = sourcecode.c.objc; path = FontManager.m; sourceTree = "<group>"; };
		3BFD4B761750C63600E3A46F /* UIColor+HexString.h */ = {isa = PBXFileReference; fileEncoding = 4; lastKnownFileType = sourcecode.c.h; path = "UIColor+HexString.h"; sourceTree = "<group>"; };
		3BFD4B771750C63600E3A46F /* UIColor+HexString.m */ = {isa = PBXFileReference; fileEncoding = 4; lastKnownFileType = sourcecode.c.objc; path = "UIColor+HexString.m"; sourceTree = "<group>"; };
		3BFD4B8D1751BE5100E3A46F /* NoteManager.h */ = {isa = PBXFileReference; fileEncoding = 4; lastKnownFileType = sourcecode.c.h; path = NoteManager.h; sourceTree = "<group>"; };
		3BFD4B8E1751BE5100E3A46F /* NoteManager.m */ = {isa = PBXFileReference; fileEncoding = 4; lastKnownFileType = sourcecode.c.objc; path = NoteManager.m; sourceTree = "<group>"; };
		3BFD4B931751D3C600E3A46F /* NSFetchedResultsController+UITableView.h */ = {isa = PBXFileReference; fileEncoding = 4; lastKnownFileType = sourcecode.c.h; path = "NSFetchedResultsController+UITableView.h"; sourceTree = "<group>"; };
		3BFD4B941751D3C600E3A46F /* NSFetchedResultsController+UITableView.m */ = {isa = PBXFileReference; fileEncoding = 4; lastKnownFileType = sourcecode.c.objc; path = "NSFetchedResultsController+UITableView.m"; sourceTree = "<group>"; };
/* End PBXFileReference section */

/* Begin PBXFrameworksBuildPhase section */
		3BF3F637174C892400AAD591 /* Frameworks */ = {
			isa = PBXFrameworksBuildPhase;
			buildActionMask = 2147483647;
			files = (
				3B04412E1780791700EA28C3 /* CoreText.framework in Frameworks */,
				3BA57810175DA9E20052757D /* AudioToolbox.framework in Frameworks */,
				3B2CC8E31759022F001483EA /* ImageIO.framework in Frameworks */,
				3B2CC8E117590229001483EA /* Security.framework in Frameworks */,
				3B2CC8DF1759021F001483EA /* SystemConfiguration.framework in Frameworks */,
				3B2CC8DD17590219001483EA /* CFNetwork.framework in Frameworks */,
				3BF3F642174C892400AAD591 /* CoreGraphics.framework in Frameworks */,
				3BF3F682174D37C400AAD591 /* QuartzCore.framework in Frameworks */,
				3BF3F63E174C892400AAD591 /* UIKit.framework in Frameworks */,
				3BF3F640174C892400AAD591 /* Foundation.framework in Frameworks */,
				3BF3F644174C892400AAD591 /* CoreData.framework in Frameworks */,
				3B2CC8AF175710BD001483EA /* FLAC.framework in Frameworks */,
				3B2CC8B2175711E1001483EA /* AVFoundation.framework in Frameworks */,
			);
			runOnlyForDeploymentPostprocessing = 0;
		};
/* End PBXFrameworksBuildPhase section */

/* Begin PBXGroup section */
		3B00BFD917555F05007B64C0 /* css */ = {
			isa = PBXGroup;
			children = (
				3B00BFDA17555F05007B64C0 /* no-theme */,
			);
			path = css;
			sourceTree = "<group>";
		};
		3B00BFDA17555F05007B64C0 /* no-theme */ = {
			isa = PBXGroup;
			children = (
				3B00BFDB17555F05007B64C0 /* jquery-ui-1.10.3.custom.css */,
				3B00BFDC17555F05007B64C0 /* jquery-ui-1.10.3.custom.min.css */,
			);
			path = "no-theme";
			sourceTree = "<group>";
		};
		3B00BFDD17555F05007B64C0 /* js */ = {
			isa = PBXGroup;
			children = (
				3B00BFDE17555F05007B64C0 /* jquery-1.9.1.js */,
				3B00BFDF17555F05007B64C0 /* jquery-ui-1.10.3.custom.js */,
				3B00BFE017555F05007B64C0 /* jquery-ui-1.10.3.custom.min.js */,
			);
			path = js;
			sourceTree = "<group>";
		};
		3B00BFE61755910E007B64C0 /* View */ = {
			isa = PBXGroup;
			children = (
				3B00BFE71755919D007B64C0 /* RTEGestureRecognizer.h */,
				3B00BFE81755919D007B64C0 /* RTEGestureRecognizer.m */,
				3BECC67E176E3AC400BA1A01 /* ColorPickerView.h */,
				3BECC67F176E3AC400BA1A01 /* ColorPickerView.m */,
				3B79AE4E1772DA1200164252 /* NoteTitleView.h */,
				3B79AE4F1772DA1200164252 /* NoteTitleView.m */,
			);
			path = View;
			sourceTree = "<group>";
		};
		3B00BFEA17559E25007B64C0 /* CanvasQuery */ = {
			isa = PBXGroup;
			children = (
				3B00BFEB17559E25007B64C0 /* .gitignore */,
				3B00BFEC17559E25007B64C0 /* canvasquery.js */,
				3B00BFED17559E25007B64C0 /* canvasquery.min.js */,
				3B00BFEE17559E25007B64C0 /* changelog.txt */,
				3B00BFEF17559E25007B64C0 /* example.html */,
				3B00BFF017559E25007B64C0 /* package.json */,
				3B00BFF117559E25007B64C0 /* README.md */,
			);
			path = CanvasQuery;
			sourceTree = "<group>";
		};
		3B00BFF91755E349007B64C0 /* sketch.js */ = {
			isa = PBXGroup;
			children = (
				3B00BFFA1755E349007B64C0 /* sketch.js */,
			);
			path = sketch.js;
			sourceTree = "<group>";
		};
		3B00C00517560EED007B64C0 /* Recording */ = {
			isa = PBXGroup;
			children = (
				3BA57811175DDDF50052757D /* Resources */,
				3B00C00617560F43007B64C0 /* Controller */,
			);
			name = Recording;
			path = Notes/Recording;
			sourceTree = "<group>";
		};
		3B00C00617560F43007B64C0 /* Controller */ = {
			isa = PBXGroup;
			children = (
				3B00C00717560F54007B64C0 /* SpeechToTextManager.h */,
				3B00C00817560F54007B64C0 /* SpeechToTextManager.m */,
				3BA577C2175938410052757D /* TranscriptViewController.h */,
				3BA577C3175938410052757D /* TranscriptViewController.m */,
				3B2CC8E4175905A5001483EA /* wav.h */,
			);
			path = Controller;
			sourceTree = "<group>";
		};
		3B0440DC177DE96D00EA28C3 /* View */ = {
			isa = PBXGroup;
			children = (
				3B0440DD177DE97E00EA28C3 /* TableView.h */,
				3B0440DE177DE97E00EA28C3 /* TableView.m */,
				3B0440E0177DE9F000EA28C3 /* OverlayView.h */,
				3B0440E1177DE9F000EA28C3 /* OverlayView.m */,
			);
			path = View;
			sourceTree = "<group>";
		};
		3B044121177F6AA200EA28C3 /* TTTAttributedLabel */ = {
			isa = PBXGroup;
			children = (
				3B044122177F6AA200EA28C3 /* TTTAttributedLabel.h */,
				3B044123177F6AA200EA28C3 /* TTTAttributedLabel.m */,
			);
			name = TTTAttributedLabel;
			path = TTTAttributedLabel/TTTAttributedLabel;
			sourceTree = "<group>";
		};
		3B04413A17821A6900EA28C3 /* Resources */ = {
			isa = PBXGroup;
			children = (
				3B04413B17821A6900EA28C3 /* notes-logo.png */,
				3B04413C17821A6900EA28C3 /* notes-logo@2x.png */,
			);
			path = Resources;
			sourceTree = "<group>";
		};
		3B1FF19E1754086D004B2CFE /* jquery */ = {
			isa = PBXGroup;
			children = (
				3B00BFD917555F05007B64C0 /* css */,
				3B00BFDD17555F05007B64C0 /* js */,
			);
			path = jquery;
			sourceTree = "<group>";
		};
		3B1FF1A317540C48004B2CFE /* jquery-ui-touch-punch */ = {
			isa = PBXGroup;
			children = (
				3B1FF1A417540C48004B2CFE /* jquery.ui.touch-punch.js */,
				3B1FF1A517540C48004B2CFE /* jquery.ui.touch-punch.min.js */,
			);
			path = "jquery-ui-touch-punch";
			sourceTree = "<group>";
		};
		3B28495C176BF5560030CF03 /* Rangy */ = {
			isa = PBXGroup;
			children = (
				3B28495D176BF5600030CF03 /* rangy-core.js */,
				3B28495E176BF5600030CF03 /* rangy-cssclassapplier.js */,
				3B28495F176BF5600030CF03 /* rangy-textrange.js */,
			);
			name = Rangy;
			sourceTree = "<group>";
		};
		3B2CC8E71759140E001483EA /* Utility */ = {
			isa = PBXGroup;
			children = (
				3B2CC8E817591423001483EA /* Utility.h */,
				3B2CC8E917591423001483EA /* Utility.m */,
			);
			path = Utility;
			sourceTree = "<group>";
		};
		3B46156C1778961F006D8EBB /* PSTCollectionView */ = {
			isa = PBXGroup;
			children = (
				3B46156D1778961F006D8EBB /* NSIndexPath+PSTCollectionViewAdditions.h */,
				3B46156E1778961F006D8EBB /* NSIndexPath+PSTCollectionViewAdditions.m */,
				3B46156F1778961F006D8EBB /* PSTCollectionView.h */,
				3B4615701778961F006D8EBB /* PSTCollectionView.m */,
				3B4615711778961F006D8EBB /* PSTCollectionViewCell.h */,
				3B4615721778961F006D8EBB /* PSTCollectionViewCell.m */,
				3B4615731778961F006D8EBB /* PSTCollectionViewCommon.h */,
				3B4615741778961F006D8EBB /* PSTCollectionViewController.h */,
				3B4615751778961F006D8EBB /* PSTCollectionViewController.m */,
				3B4615761778961F006D8EBB /* PSTCollectionViewData.h */,
				3B4615771778961F006D8EBB /* PSTCollectionViewData.m */,
				3B4615781778961F006D8EBB /* PSTCollectionViewFlowLayout.h */,
				3B4615791778961F006D8EBB /* PSTCollectionViewFlowLayout.m */,
				3B46157A1778961F006D8EBB /* PSTCollectionViewItemKey.h */,
				3B46157B1778961F006D8EBB /* PSTCollectionViewItemKey.m */,
				3B46157C1778961F006D8EBB /* PSTCollectionViewLayout+Internals.h */,
				3B46157D1778961F006D8EBB /* PSTCollectionViewLayout.h */,
				3B46157E1778961F006D8EBB /* PSTCollectionViewLayout.m */,
				3B46157F1778961F006D8EBB /* PSTCollectionViewUpdateItem.h */,
				3B4615801778961F006D8EBB /* PSTCollectionViewUpdateItem.m */,
				3B4615811778961F006D8EBB /* PSTGridLayoutInfo.h */,
				3B4615821778961F006D8EBB /* PSTGridLayoutInfo.m */,
				3B4615831778961F006D8EBB /* PSTGridLayoutItem.h */,
				3B4615841778961F006D8EBB /* PSTGridLayoutItem.m */,
				3B4615851778961F006D8EBB /* PSTGridLayoutRow.h */,
				3B4615861778961F006D8EBB /* PSTGridLayoutRow.m */,
				3B4615871778961F006D8EBB /* PSTGridLayoutSection.h */,
				3B4615881778961F006D8EBB /* PSTGridLayoutSection.m */,
			);
			name = PSTCollectionView;
			path = PSTCollectionView/PSTCollectionView;
			sourceTree = "<group>";
		};
		3BA577AC175926060052757D /* JSONKit */ = {
			isa = PBXGroup;
			children = (
				3BA577AE175926060052757D /* JSONKit.h */,
				3BA577AF175926060052757D /* JSONKit.m */,
			);
			path = JSONKit;
			sourceTree = "<group>";
		};
		3BA577B8175937110052757D /* MGSplitViewController */ = {
			isa = PBXGroup;
			children = (
				3B284963176C52460030CF03 /* MGSplitViewController.m */,
				3B284964176C52460030CF03 /* MGSplitViewController.h */,
				3B284968176C52460030CF03 /* MGSplitCornersView.h */,
				3B284965176C52460030CF03 /* MGSplitCornersView.m */,
				3B284966176C52460030CF03 /* MGSplitDividerView.h */,
				3B284967176C52460030CF03 /* MGSplitDividerView.m */,
			);
			name = MGSplitViewController;
			sourceTree = "<group>";
		};
		3BA57811175DDDF50052757D /* Resources */ = {
			isa = PBXGroup;
			children = (
				3BA57812175DDE050052757D /* TranscriptTemplate.html */,
			);
			path = Resources;
			sourceTree = "<group>";
		};
		3BCB7E58174F31D3006B393D /* Model */ = {
			isa = PBXGroup;
			children = (
				3BF3F657174C892400AAD591 /* Notes.xcdatamodeld */,
				3BCB7E5F174F34A5006B393D /* Model.h */,
				3BCB7E5C174F31E8006B393D /* Note.h */,
				3BCB7E5D174F31E8006B393D /* Note.m */,
				3BCB7E59174F31E8006B393D /* Notebook.h */,
				3BCB7E5A174F31E8006B393D /* Notebook.m */,
			);
			name = Model;
			path = Notes/Model;
			sourceTree = "<group>";
		};
		3BECC670176D7CCC00BA1A01 /* Search */ = {
			isa = PBXGroup;
			children = (
				3BECC677176D843C00BA1A01 /* View */,
				3BECC671176D7CCC00BA1A01 /* Controller */,
			);
			name = Search;
			path = Notes/Search;
			sourceTree = "<group>";
		};
		3BECC671176D7CCC00BA1A01 /* Controller */ = {
			isa = PBXGroup;
			children = (
				3B04412F1780AB2000EA28C3 /* GlobalSearchViewController.h */,
				3B0441301780AB2000EA28C3 /* GlobalSearchViewController.m */,
				3BECC672176D7CE600BA1A01 /* NoteSearchViewController.h */,
				3BECC673176D7CE600BA1A01 /* NoteSearchViewController.m */,
				3BECC674176D7CE600BA1A01 /* NoteSearchViewController.xib */,
			);
			path = Controller;
			sourceTree = "<group>";
		};
		3BECC677176D843C00BA1A01 /* View */ = {
			isa = PBXGroup;
			children = (
				3BECC678176D844B00BA1A01 /* SearchBar.h */,
				3BECC679176D844B00BA1A01 /* SearchBar.m */,
			);
			path = View;
			sourceTree = "<group>";
		};
		3BECC6C217717B0D00BA1A01 /* Note browsing */ = {
			isa = PBXGroup;
			children = (
				3B04413A17821A6900EA28C3 /* Resources */,
				3BECC6CB17717B2700BA1A01 /* View */,
				3BECC6C317717B0E00BA1A01 /* Controller */,
			);
			name = "Note browsing";
			path = "Notes/Note browsing";
			sourceTree = "<group>";
		};
		3BECC6C317717B0E00BA1A01 /* Controller */ = {
			isa = PBXGroup;
			children = (
				3BECC6C417717B0E00BA1A01 /* NotebookListViewController.h */,
				3BECC6C517717B0E00BA1A01 /* NotebookListViewController.m */,
				3BECC6C617717B0E00BA1A01 /* NoteListViewController.h */,
				3BECC6C717717B0E00BA1A01 /* NoteListViewController.m */,
				3B5DC3FB1774B316006581C3 /* NotebookBrowseViewController.h */,
				3B5DC3FC1774B316006581C3 /* NotebookBrowseViewController.m */,
				3BF65AD3177B7EFA0035DC29 /* EditNotebookViewController.h */,
				3BF65AD2177B7EFA0035DC29 /* EditNotebookViewController.m */,
			);
			path = Controller;
			sourceTree = "<group>";
		};
		3BECC6CB17717B2700BA1A01 /* View */ = {
			isa = PBXGroup;
			children = (
				3BECC6CC17717B9C00BA1A01 /* NotesCell.h */,
				3BECC6CD17717B9C00BA1A01 /* NotesCell.m */,
				3B5DC4521775817E006581C3 /* NotebookTableView.h */,
				3B5DC4531775817E006581C3 /* NotebookTableView.m */,
				3B46136A177777D2006D8EBB /* NotebookCell.h */,
				3B46136B177777D2006D8EBB /* NotebookCell.m */,
				3B46137017788B00006D8EBB /* NotebookIconView.h */,
				3B46137117788B00006D8EBB /* NotebookIconView.m */,
			);
			path = View;
			sourceTree = "<group>";
		};
		3BF3F631174C892400AAD591 = {
			isa = PBXGroup;
			children = (
				3B2CC8E5175907ED001483EA /* test.wav */,
				3BF3F64E174C892400AAD591 /* AppDelegate.h */,
				3BF3F64F174C892400AAD591 /* AppDelegate.m */,
				3B0440D6177D5F3800EA28C3 /* TestView.h */,
				3B0440D7177D5F3800EA28C3 /* TestView.m */,
				3BECC6C217717B0D00BA1A01 /* Note browsing */,
				3BECC670176D7CCC00BA1A01 /* Search */,
				3B00C00517560EED007B64C0 /* Recording */,
				3BFD4B50174FF93600E3A46F /* External */,
				3BCB7E58174F31D3006B393D /* Model */,
				3BF3F67C174D2BE200AAD591 /* Shared */,
				3BF3F66B174D226C00AAD591 /* Note editing */,
				3BF3F646174C892400AAD591 /* Supporting Files */,
				3BF3F63C174C892400AAD591 /* Frameworks */,
				3BF3F63B174C892400AAD591 /* Products */,
			);
			sourceTree = "<group>";
		};
		3BF3F63B174C892400AAD591 /* Products */ = {
			isa = PBXGroup;
			children = (
				3BF3F63A174C892400AAD591 /* Notes.app */,
			);
			name = Products;
			sourceTree = "<group>";
		};
		3BF3F63C174C892400AAD591 /* Frameworks */ = {
			isa = PBXGroup;
			children = (
				3B04412D1780791600EA28C3 /* CoreText.framework */,
				3BA5780F175DA9E20052757D /* AudioToolbox.framework */,
				3B2CC8E21759022F001483EA /* ImageIO.framework */,
				3B2CC8E017590229001483EA /* Security.framework */,
				3B2CC8DE1759021F001483EA /* SystemConfiguration.framework */,
				3B2CC8DC17590218001483EA /* CFNetwork.framework */,
				3B2CC8B0175711C4001483EA /* AVFoundation.framework */,
				3B2CC8AE175710BD001483EA /* FLAC.framework */,
				3BF3F681174D37C400AAD591 /* QuartzCore.framework */,
				3BF3F63D174C892400AAD591 /* UIKit.framework */,
				3BF3F63F174C892400AAD591 /* Foundation.framework */,
				3BF3F641174C892400AAD591 /* CoreGraphics.framework */,
				3BF3F643174C892400AAD591 /* CoreData.framework */,
			);
			name = Frameworks;
			sourceTree = "<group>";
		};
		3BF3F646174C892400AAD591 /* Supporting Files */ = {
			isa = PBXGroup;
			children = (
				3BF3F647174C892400AAD591 /* Notes-Info.plist */,
				3BF3F648174C892400AAD591 /* InfoPlist.strings */,
				3BF3F64B174C892400AAD591 /* main.m */,
				3BF3F64D174C892400AAD591 /* Notes-Prefix.pch */,
				3BF3F651174C892400AAD591 /* Default.png */,
				3BF3F653174C892400AAD591 /* Default@2x.png */,
				3BF3F655174C892400AAD591 /* Default-568h@2x.png */,
			);
			name = "Supporting Files";
			path = Notes;
			sourceTree = "<group>";
		};
		3BF3F66B174D226C00AAD591 /* Note editing */ = {
			isa = PBXGroup;
			children = (
				3B00BFE61755910E007B64C0 /* View */,
				3BF3F66C174D226C00AAD591 /* Controller */,
				3BF3F671174D226C00AAD591 /* Resources */,
			);
			name = "Note editing";
			path = "Notes/Note editing";
			sourceTree = "<group>";
		};
		3BF3F66C174D226C00AAD591 /* Controller */ = {
			isa = PBXGroup;
			children = (
				3BF3F66D174D226C00AAD591 /* EditNoteViewController.h */,
				3BF3F66E174D226C00AAD591 /* EditNoteViewController.m */,
				3BCB7E3F174EC5FA006B393D /* EditRichTextViewController.h */,
				3BCB7E40174EC5FB006B393D /* EditRichTextViewController.m */,
				3B04410C177F1B7500EA28C3 /* EditNoteSplitViewController.h */,
				3B04410D177F1B7500EA28C3 /* EditNoteSplitViewController.m */,
			);
			path = Controller;
			sourceTree = "<group>";
		};
		3BF3F671174D226C00AAD591 /* Resources */ = {
			isa = PBXGroup;
			children = (
				3BF3F674174D22AE00AAD591 /* NoteTemplate.html */,
				3BF3F67A174D28BB00AAD591 /* NoteTemplate.css */,
				3BCB7E46174ED799006B393D /* Common.js */,
				3BCB7E4A174EDB0F006B393D /* Common.css */,
			);
			path = Resources;
			sourceTree = "<group>";
		};
		3BF3F67C174D2BE200AAD591 /* Shared */ = {
			isa = PBXGroup;
			children = (
				3B0440DC177DE96D00EA28C3 /* View */,
				3B2CC8E71759140E001483EA /* Utility */,
				3BFD4B8C1751BE3A00E3A46F /* Model */,
				3BFD4B721750C48900E3A46F /* Fonts */,
				3BF3F67D174D2BE200AAD591 /* Categories */,
			);
			name = Shared;
			path = Notes/Shared;
			sourceTree = "<group>";
		};
		3BF3F67D174D2BE200AAD591 /* Categories */ = {
			isa = PBXGroup;
			children = (
				3BFD4B761750C63600E3A46F /* UIColor+HexString.h */,
				3BFD4B771750C63600E3A46F /* UIColor+HexString.m */,
				3BF3F67E174D2BE200AAD591 /* UIViewController+KeyboardNotifications.h */,
				3BF3F67F174D2BE200AAD591 /* UIViewController+KeyboardNotifications.m */,
				3BCB7E42174ECBDC006B393D /* NSTimer+Blocks.h */,
				3BCB7E43174ECBDC006B393D /* NSTimer+Blocks.m */,
				3BFD4B931751D3C600E3A46F /* NSFetchedResultsController+UITableView.h */,
				3BFD4B941751D3C600E3A46F /* NSFetchedResultsController+UITableView.m */,
				3B0B33181778A34200B59AA0 /* NSFetchedResultsController+UICollectionView.h */,
				3B0B33191778A34200B59AA0 /* NSFetchedResultsController+UICollectionView.m */,
				3BA577C5175942E70052757D /* UIViewController+MGSplitViewController.h */,
				3BA577C6175942E70052757D /* UIViewController+MGSplitViewController.m */,
				3B46136D17779391006D8EBB /* UIView+Layout.h */,
				3B46136E17779391006D8EBB /* UIView+Layout.m */,
				3B0440D9177DBB0F00EA28C3 /* UIAlertView+MKBlockAdditions.h */,
				3B0440DA177DBB0F00EA28C3 /* UIAlertView+MKBlockAdditions.m */,
			);
			path = Categories;
			sourceTree = "<group>";
		};
		3BFD4B50174FF93600E3A46F /* External */ = {
			isa = PBXGroup;
			children = (
				3B044121177F6AA200EA28C3 /* TTTAttributedLabel */,
				3B46156C1778961F006D8EBB /* PSTCollectionView */,
				3B28495C176BF5560030CF03 /* Rangy */,
				3BA577B8175937110052757D /* MGSplitViewController */,
				3BA577AC175926060052757D /* JSONKit */,
				3B00BFF91755E349007B64C0 /* sketch.js */,
				3B00BFEA17559E25007B64C0 /* CanvasQuery */,
				3B1FF1A317540C48004B2CFE /* jquery-ui-touch-punch */,
				3B1FF19E1754086D004B2CFE /* jquery */,
				3BFD4B5C1750023D00E3A46F /* WebViewJavascriptBridge_iOS */,
			);
			name = External;
			path = Notes/External;
			sourceTree = "<group>";
		};
		3BFD4B5C1750023D00E3A46F /* WebViewJavascriptBridge_iOS */ = {
			isa = PBXGroup;
			children = (
				3BFD4B5D1750023D00E3A46F /* WebViewJavascriptAbstract */,
				3BFD4B611750023D00E3A46F /* WebViewJavascriptBridge_iOS.h */,
				3BFD4B621750023D00E3A46F /* WebViewJavascriptBridge_iOS.m */,
			);
			name = WebViewJavascriptBridge_iOS;
			path = WebViewJavascriptBridge/WebViewJavascriptBridge_iOS;
			sourceTree = "<group>";
		};
		3BFD4B5D1750023D00E3A46F /* WebViewJavascriptAbstract */ = {
			isa = PBXGroup;
			children = (
				3BFD4B5E1750023D00E3A46F /* WebViewJavascriptBridge.js.txt */,
				3BFD4B5F1750023D00E3A46F /* WebViewJavascriptBridgeAbstract.h */,
				3BFD4B601750023D00E3A46F /* WebViewJavascriptBridgeAbstract.m */,
			);
			name = WebViewJavascriptAbstract;
			path = ../WebViewJavascriptBridgeAbstract;
			sourceTree = "<group>";
		};
		3BFD4B721750C48900E3A46F /* Fonts */ = {
			isa = PBXGroup;
			children = (
				3BFD4B731750C49400E3A46F /* FontManager.h */,
				3BFD4B741750C49400E3A46F /* FontManager.m */,
			);
			path = Fonts;
			sourceTree = "<group>";
		};
		3BFD4B8C1751BE3A00E3A46F /* Model */ = {
			isa = PBXGroup;
			children = (
				3BFD4B8D1751BE5100E3A46F /* NoteManager.h */,
				3BFD4B8E1751BE5100E3A46F /* NoteManager.m */,
				3B0441321780F9B700EA28C3 /* NormalizedStringTransformer.h */,
				3B0441331780F9B700EA28C3 /* NormalizedStringTransformer.m */,
			);
			path = Model;
			sourceTree = "<group>";
		};
/* End PBXGroup section */

/* Begin PBXNativeTarget section */
		3BF3F639174C892400AAD591 /* Notes */ = {
			isa = PBXNativeTarget;
			buildConfigurationList = 3BF3F668174C892400AAD591 /* Build configuration list for PBXNativeTarget "Notes" */;
			buildPhases = (
				3BF3F636174C892400AAD591 /* Sources */,
				3BF3F637174C892400AAD591 /* Frameworks */,
				3BF3F638174C892400AAD591 /* Resources */,
			);
			buildRules = (
			);
			dependencies = (
			);
			name = Notes;
			productName = Notes;
			productReference = 3BF3F63A174C892400AAD591 /* Notes.app */;
			productType = "com.apple.product-type.application";
		};
/* End PBXNativeTarget section */

/* Begin PBXProject section */
		3BF3F632174C892400AAD591 /* Project object */ = {
			isa = PBXProject;
			attributes = {
				LastUpgradeCheck = 0460;
				ORGANIZATIONNAME = Dany;
			};
			buildConfigurationList = 3BF3F635174C892400AAD591 /* Build configuration list for PBXProject "Notes" */;
			compatibilityVersion = "Xcode 3.2";
			developmentRegion = English;
			hasScannedForEncodings = 0;
			knownRegions = (
				en,
			);
			mainGroup = 3BF3F631174C892400AAD591;
			productRefGroup = 3BF3F63B174C892400AAD591 /* Products */;
			projectDirPath = "";
			projectRoot = "";
			targets = (
				3BF3F639174C892400AAD591 /* Notes */,
			);
		};
/* End PBXProject section */

/* Begin PBXResourcesBuildPhase section */
		3BF3F638174C892400AAD591 /* Resources */ = {
			isa = PBXResourcesBuildPhase;
			buildActionMask = 2147483647;
			files = (
				3BCB7E56174F28A7006B393D /* Common.js in Resources */,
				3BF3F64A174C892400AAD591 /* InfoPlist.strings in Resources */,
				3BF3F652174C892400AAD591 /* Default.png in Resources */,
				3BF3F654174C892400AAD591 /* Default@2x.png in Resources */,
				3BF3F656174C892400AAD591 /* Default-568h@2x.png in Resources */,
				3BF3F675174D22AE00AAD591 /* NoteTemplate.html in Resources */,
				3BF3F67B174D28BB00AAD591 /* NoteTemplate.css in Resources */,
				3BCB7E4B174EDB0F006B393D /* Common.css in Resources */,
				3BFD4B631750023D00E3A46F /* WebViewJavascriptBridge.js.txt in Resources */,
				3B1FF1A717540C48004B2CFE /* jquery.ui.touch-punch.js in Resources */,
				3B1FF1A817540C48004B2CFE /* jquery.ui.touch-punch.min.js in Resources */,
				3B00BFE117555F05007B64C0 /* jquery-ui-1.10.3.custom.css in Resources */,
				3B00BFE317555F05007B64C0 /* jquery-1.9.1.js in Resources */,
				3B00BFE417555F05007B64C0 /* jquery-ui-1.10.3.custom.js in Resources */,
				3B00BFF217559E25007B64C0 /* .gitignore in Resources */,
				3B00BFF517559E25007B64C0 /* changelog.txt in Resources */,
				3B00BFF617559E25007B64C0 /* example.html in Resources */,
				3B00BFF717559E25007B64C0 /* package.json in Resources */,
				3B00BFF817559E25007B64C0 /* README.md in Resources */,
				3B00BFF317559E25007B64C0 /* canvasquery.js in Resources */,
				3B00BFF417559E25007B64C0 /* canvasquery.min.js in Resources */,
				3B00BFFB1755E349007B64C0 /* sketch.js in Resources */,
				3B2CC8E6175907ED001483EA /* test.wav in Resources */,
				3BA57813175DDE050052757D /* TranscriptTemplate.html in Resources */,
				3BECC676176D7CE600BA1A01 /* NoteSearchViewController.xib in Resources */,
				3BECC67B176D972600BA1A01 /* rangy-core.js in Resources */,
				3BECC67C176D972600BA1A01 /* rangy-cssclassapplier.js in Resources */,
				3BECC67D176D972600BA1A01 /* rangy-textrange.js in Resources */,
				3B04413D17821A6900EA28C3 /* notes-logo.png in Resources */,
				3B04413E17821A6900EA28C3 /* notes-logo@2x.png in Resources */,
			);
			runOnlyForDeploymentPostprocessing = 0;
		};
/* End PBXResourcesBuildPhase section */

/* Begin PBXSourcesBuildPhase section */
		3BF3F636174C892400AAD591 /* Sources */ = {
			isa = PBXSourcesBuildPhase;
			buildActionMask = 2147483647;
			files = (
				3BF3F64C174C892400AAD591 /* main.m in Sources */,
				3BF3F650174C892400AAD591 /* AppDelegate.m in Sources */,
				3BF3F659174C892400AAD591 /* Notes.xcdatamodeld in Sources */,
				3BF3F672174D226C00AAD591 /* EditNoteViewController.m in Sources */,
				3BF3F680174D2BE200AAD591 /* UIViewController+KeyboardNotifications.m in Sources */,
				3BCB7E41174EC5FB006B393D /* EditRichTextViewController.m in Sources */,
				3BCB7E44174ECBDC006B393D /* NSTimer+Blocks.m in Sources */,
				3BCB7E5B174F31E8006B393D /* Notebook.m in Sources */,
				3BCB7E5E174F31E8006B393D /* Note.m in Sources */,
				3BFD4B641750023D00E3A46F /* WebViewJavascriptBridgeAbstract.m in Sources */,
				3BFD4B651750023D00E3A46F /* WebViewJavascriptBridge_iOS.m in Sources */,
				3BFD4B751750C49400E3A46F /* FontManager.m in Sources */,
				3BFD4B781750C63600E3A46F /* UIColor+HexString.m in Sources */,
				3BFD4B8F1751BE5100E3A46F /* NoteManager.m in Sources */,
				3BFD4B951751D3C600E3A46F /* NSFetchedResultsController+UITableView.m in Sources */,
				3B00BFE91755919D007B64C0 /* RTEGestureRecognizer.m in Sources */,
				3B00C00917560F54007B64C0 /* SpeechToTextManager.m in Sources */,
				3B2CC8EA17591423001483EA /* Utility.m in Sources */,
				3BA577B2175926060052757D /* JSONKit.m in Sources */,
				3BA577C4175938410052757D /* TranscriptViewController.m in Sources */,
				3BA577C7175942E70052757D /* UIViewController+MGSplitViewController.m in Sources */,
				3B284969176C52460030CF03 /* MGSplitViewController.m in Sources */,
				3B28496A176C52460030CF03 /* MGSplitCornersView.m in Sources */,
				3B28496B176C52460030CF03 /* MGSplitDividerView.m in Sources */,
				3BECC675176D7CE600BA1A01 /* NoteSearchViewController.m in Sources */,
				3BECC67A176D844B00BA1A01 /* SearchBar.m in Sources */,
				3BECC680176E3AC400BA1A01 /* ColorPickerView.m in Sources */,
				3BECC6C917717B0E00BA1A01 /* NotebookListViewController.m in Sources */,
				3BECC6CA17717B0E00BA1A01 /* NoteListViewController.m in Sources */,
				3BECC6CE17717B9C00BA1A01 /* NotesCell.m in Sources */,
				3B79AE501772DA1200164252 /* NoteTitleView.m in Sources */,
				3B5DC3FD1774B316006581C3 /* NotebookBrowseViewController.m in Sources */,
				3B5DC4541775817E006581C3 /* NotebookTableView.m in Sources */,
				3B46136C177777D2006D8EBB /* NotebookCell.m in Sources */,
				3B46136F17779391006D8EBB /* UIView+Layout.m in Sources */,
				3B46137217788B00006D8EBB /* NotebookIconView.m in Sources */,
				3B4615891778961F006D8EBB /* NSIndexPath+PSTCollectionViewAdditions.m in Sources */,
				3B46158A1778961F006D8EBB /* PSTCollectionView.m in Sources */,
				3B46158B1778961F006D8EBB /* PSTCollectionViewCell.m in Sources */,
				3B46158C1778961F006D8EBB /* PSTCollectionViewController.m in Sources */,
				3B46158D1778961F006D8EBB /* PSTCollectionViewData.m in Sources */,
				3B46158E1778961F006D8EBB /* PSTCollectionViewFlowLayout.m in Sources */,
				3B46158F1778961F006D8EBB /* PSTCollectionViewItemKey.m in Sources */,
				3B4615901778961F006D8EBB /* PSTCollectionViewLayout.m in Sources */,
				3B4615911778961F006D8EBB /* PSTCollectionViewUpdateItem.m in Sources */,
				3B4615921778961F006D8EBB /* PSTGridLayoutInfo.m in Sources */,
				3B4615931778961F006D8EBB /* PSTGridLayoutItem.m in Sources */,
				3B4615941778961F006D8EBB /* PSTGridLayoutRow.m in Sources */,
				3B4615951778961F006D8EBB /* PSTGridLayoutSection.m in Sources */,
				3B0B331A1778A34200B59AA0 /* NSFetchedResultsController+UICollectionView.m in Sources */,
				3BF65AD4177B7EFA0035DC29 /* EditNotebookViewController.m in Sources */,
				3B0440D8177D5F3800EA28C3 /* TestView.m in Sources */,
				3B0440DB177DBB0F00EA28C3 /* UIAlertView+MKBlockAdditions.m in Sources */,
				3B0440DF177DE97E00EA28C3 /* TableView.m in Sources */,
				3B0440E2177DE9F000EA28C3 /* OverlayView.m in Sources */,
				3B04410E177F1B7500EA28C3 /* EditNoteSplitViewController.m in Sources */,
				3B044124177F6AA200EA28C3 /* TTTAttributedLabel.m in Sources */,
				3B0441311780AB2000EA28C3 /* GlobalSearchViewController.m in Sources */,
				3B0441341780F9B700EA28C3 /* NormalizedStringTransformer.m in Sources */,
			);
			runOnlyForDeploymentPostprocessing = 0;
		};
/* End PBXSourcesBuildPhase section */

/* Begin PBXVariantGroup section */
		3BF3F648174C892400AAD591 /* InfoPlist.strings */ = {
			isa = PBXVariantGroup;
			children = (
				3BF3F649174C892400AAD591 /* en */,
			);
			name = InfoPlist.strings;
			sourceTree = "<group>";
		};
/* End PBXVariantGroup section */

/* Begin XCBuildConfiguration section */
		3BF3F666174C892400AAD591 /* Debug */ = {
			isa = XCBuildConfiguration;
			buildSettings = {
				ALWAYS_SEARCH_USER_PATHS = NO;
				CLANG_CXX_LANGUAGE_STANDARD = "gnu++0x";
				CLANG_CXX_LIBRARY = "libc++";
				CLANG_ENABLE_OBJC_ARC = YES;
				CLANG_WARN_CONSTANT_CONVERSION = YES;
				CLANG_WARN_EMPTY_BODY = YES;
				CLANG_WARN_ENUM_CONVERSION = YES;
				CLANG_WARN_INT_CONVERSION = YES;
				CLANG_WARN__DUPLICATE_METHOD_MATCH = YES;
				"CODE_SIGN_IDENTITY[sdk=iphoneos*]" = "iPhone Developer";
				COPY_PHASE_STRIP = NO;
				GCC_C_LANGUAGE_STANDARD = gnu99;
				GCC_DYNAMIC_NO_PIC = NO;
				GCC_OPTIMIZATION_LEVEL = 0;
				GCC_PREPROCESSOR_DEFINITIONS = (
					"DEBUG=1",
					"$(inherited)",
				);
				GCC_SYMBOLS_PRIVATE_EXTERN = NO;
				GCC_WARN_ABOUT_RETURN_TYPE = YES;
				GCC_WARN_UNINITIALIZED_AUTOS = YES;
				GCC_WARN_UNUSED_VARIABLE = YES;
				IPHONEOS_DEPLOYMENT_TARGET = 5.0;
				ONLY_ACTIVE_ARCH = YES;
				SDKROOT = iphoneos;
				TARGETED_DEVICE_FAMILY = 2;
			};
			name = Debug;
		};
		3BF3F667174C892400AAD591 /* Release */ = {
			isa = XCBuildConfiguration;
			buildSettings = {
				ALWAYS_SEARCH_USER_PATHS = NO;
				CLANG_CXX_LANGUAGE_STANDARD = "gnu++0x";
				CLANG_CXX_LIBRARY = "libc++";
				CLANG_ENABLE_OBJC_ARC = YES;
				CLANG_WARN_CONSTANT_CONVERSION = YES;
				CLANG_WARN_EMPTY_BODY = YES;
				CLANG_WARN_ENUM_CONVERSION = YES;
				CLANG_WARN_INT_CONVERSION = YES;
				CLANG_WARN__DUPLICATE_METHOD_MATCH = YES;
				"CODE_SIGN_IDENTITY[sdk=iphoneos*]" = "iPhone Developer";
				COPY_PHASE_STRIP = YES;
				GCC_C_LANGUAGE_STANDARD = gnu99;
				GCC_WARN_ABOUT_RETURN_TYPE = YES;
				GCC_WARN_UNINITIALIZED_AUTOS = YES;
				GCC_WARN_UNUSED_VARIABLE = YES;
				IPHONEOS_DEPLOYMENT_TARGET = 5.0;
				OTHER_CFLAGS = "-DNS_BLOCK_ASSERTIONS=1";
				SDKROOT = iphoneos;
				TARGETED_DEVICE_FAMILY = 2;
				VALIDATE_PRODUCT = YES;
			};
			name = Release;
		};
		3BF3F669174C892400AAD591 /* Debug */ = {
			isa = XCBuildConfiguration;
			buildSettings = {
				FRAMEWORK_SEARCH_PATHS = (
					"$(inherited)",
					"\"$(SRCROOT)/Notes/External/Audio-Frameworks/bin/flac\"",
				);
				GCC_PRECOMPILE_PREFIX_HEADER = YES;
				GCC_PREFIX_HEADER = "Notes/Notes-Prefix.pch";
				INFOPLIST_FILE = "Notes/Notes-Info.plist";
				IPHONEOS_DEPLOYMENT_TARGET = 5.1;
				LIBRARY_SEARCH_PATHS = (
					"$(inherited)",
					"\"$(SRCROOT)/Notes/External/libsprec\"",
					"\"$(SRCROOT)/Notes/External/libsprec/lib\"",
				);
				PRODUCT_NAME = "$(TARGET_NAME)";
				WRAPPER_EXTENSION = app;
			};
			name = Debug;
		};
		3BF3F66A174C892400AAD591 /* Release */ = {
			isa = XCBuildConfiguration;
			buildSettings = {
				FRAMEWORK_SEARCH_PATHS = (
					"$(inherited)",
					"\"$(SRCROOT)/Notes/External/Audio-Frameworks/bin/flac\"",
				);
				GCC_PRECOMPILE_PREFIX_HEADER = YES;
				GCC_PREFIX_HEADER = "Notes/Notes-Prefix.pch";
				INFOPLIST_FILE = "Notes/Notes-Info.plist";
				IPHONEOS_DEPLOYMENT_TARGET = 5.1;
				LIBRARY_SEARCH_PATHS = (
					"$(inherited)",
					"\"$(SRCROOT)/Notes/External/libsprec\"",
					"\"$(SRCROOT)/Notes/External/libsprec/lib\"",
				);
				PRODUCT_NAME = "$(TARGET_NAME)";
				WRAPPER_EXTENSION = app;
			};
			name = Release;
		};
/* End XCBuildConfiguration section */

/* Begin XCConfigurationList section */
		3BF3F635174C892400AAD591 /* Build configuration list for PBXProject "Notes" */ = {
			isa = XCConfigurationList;
			buildConfigurations = (
				3BF3F666174C892400AAD591 /* Debug */,
				3BF3F667174C892400AAD591 /* Release */,
			);
			defaultConfigurationIsVisible = 0;
			defaultConfigurationName = Release;
		};
		3BF3F668174C892400AAD591 /* Build configuration list for PBXNativeTarget "Notes" */ = {
			isa = XCConfigurationList;
			buildConfigurations = (
				3BF3F669174C892400AAD591 /* Debug */,
				3BF3F66A174C892400AAD591 /* Release */,
			);
			defaultConfigurationIsVisible = 0;
			defaultConfigurationName = Release;
		};
/* End XCConfigurationList section */

/* Begin XCVersionGroup section */
		3BF3F657174C892400AAD591 /* Notes.xcdatamodeld */ = {
			isa = XCVersionGroup;
			children = (
				3BF3F658174C892400AAD591 /* Notes.xcdatamodel */,
			);
			currentVersion = 3BF3F658174C892400AAD591 /* Notes.xcdatamodel */;
			name = Notes.xcdatamodeld;
			path = ../Notes.xcdatamodeld;
			sourceTree = "<group>";
			versionGroupType = wrapper.xcdatamodel;
		};
/* End XCVersionGroup section */
	};
	rootObject = 3BF3F632174C892400AAD591 /* Project object */;
}
